// !$*UTF8*$!
{
	archiveVersion = 1;
	classes = {
	};
	objectVersion = 46;
	objects = {

/* Begin PBXBuildFile section */
		1806895D196613F000BDCD26 /* Foundation.framework in Frameworks */ = {isa = PBXBuildFile; fileRef = 1806895C196613F000BDCD26 /* Foundation.framework */; };
		1806895F196613F000BDCD26 /* CoreGraphics.framework in Frameworks */ = {isa = PBXBuildFile; fileRef = 1806895E196613F000BDCD26 /* CoreGraphics.framework */; };
		18068961196613F000BDCD26 /* UIKit.framework in Frameworks */ = {isa = PBXBuildFile; fileRef = 18068960196613F000BDCD26 /* UIKit.framework */; };
		18068967196613F000BDCD26 /* InfoPlist.strings in Resources */ = {isa = PBXBuildFile; fileRef = 18068965196613F000BDCD26 /* InfoPlist.strings */; };
		18068969196613F000BDCD26 /* main.m in Sources */ = {isa = PBXBuildFile; fileRef = 18068968196613F000BDCD26 /* main.m */; };
		1806896D196613F000BDCD26 /* AppDelegate.m in Sources */ = {isa = PBXBuildFile; fileRef = 1806896C196613F000BDCD26 /* AppDelegate.m */; };
		18068970196613F000BDCD26 /* Main_iPhone.storyboard in Resources */ = {isa = PBXBuildFile; fileRef = 1806896E196613F000BDCD26 /* Main_iPhone.storyboard */; };
		18068973196613F000BDCD26 /* Main_iPad.storyboard in Resources */ = {isa = PBXBuildFile; fileRef = 18068971196613F000BDCD26 /* Main_iPad.storyboard */; };
		18068976196613F000BDCD26 /* LoginViewController.m in Sources */ = {isa = PBXBuildFile; fileRef = 18068975196613F000BDCD26 /* LoginViewController.m */; };
		18068978196613F000BDCD26 /* Images.xcassets in Resources */ = {isa = PBXBuildFile; fileRef = 18068977196613F000BDCD26 /* Images.xcassets */; };
		1806897F196613F000BDCD26 /* XCTest.framework in Frameworks */ = {isa = PBXBuildFile; fileRef = 1806897E196613F000BDCD26 /* XCTest.framework */; };
		18068980196613F000BDCD26 /* Foundation.framework in Frameworks */ = {isa = PBXBuildFile; fileRef = 1806895C196613F000BDCD26 /* Foundation.framework */; };
		18068981196613F000BDCD26 /* UIKit.framework in Frameworks */ = {isa = PBXBuildFile; fileRef = 18068960196613F000BDCD26 /* UIKit.framework */; };
		18068989196613F000BDCD26 /* InfoPlist.strings in Resources */ = {isa = PBXBuildFile; fileRef = 18068987196613F000BDCD26 /* InfoPlist.strings */; };
		1806898B196613F000BDCD26 /* RespokeTests.m in Sources */ = {isa = PBXBuildFile; fileRef = 1806898A196613F000BDCD26 /* RespokeTests.m */; };
		180689961966EA1100BDCD26 /* logo_respoke.png in Resources */ = {isa = PBXBuildFile; fileRef = 180689951966EA1100BDCD26 /* logo_respoke.png */; };
		184B018A196B097F000BB925 /* Respoke.m in Sources */ = {isa = PBXBuildFile; fileRef = 184B0189196B097F000BB925 /* Respoke.m */; };
		184B018D196B09B7000BB925 /* RespokeWebRTCManager.m in Sources */ = {isa = PBXBuildFile; fileRef = 184B018C196B09B7000BB925 /* RespokeWebRTCManager.m */; };
		184B0195196B0A84000BB925 /* APPRTCAppClient.m in Sources */ = {isa = PBXBuildFile; fileRef = 184B018F196B0A84000BB925 /* APPRTCAppClient.m */; };
		184B0196196B0A84000BB925 /* APPRTCConnectionManager.m in Sources */ = {isa = PBXBuildFile; fileRef = 184B0191196B0A84000BB925 /* APPRTCConnectionManager.m */; };
		184B0197196B0A84000BB925 /* channel.html in Resources */ = {isa = PBXBuildFile; fileRef = 184B0192196B0A84000BB925 /* channel.html */; };
		184B0198196B0A84000BB925 /* GAEChannelClient.m in Sources */ = {isa = PBXBuildFile; fileRef = 184B0194196B0A84000BB925 /* GAEChannelClient.m */; };
		184B019A196B0B29000BB925 /* libsqlite3.dylib in Frameworks */ = {isa = PBXBuildFile; fileRef = 184B0199196B0B29000BB925 /* libsqlite3.dylib */; };
		184B019F196B0CDA000BB925 /* OpenGLES.framework in Frameworks */ = {isa = PBXBuildFile; fileRef = 184B019D196B0CDA000BB925 /* OpenGLES.framework */; };
		184B01A0196B0CDA000BB925 /* QuartzCore.framework in Frameworks */ = {isa = PBXBuildFile; fileRef = 184B019E196B0CDA000BB925 /* QuartzCore.framework */; };
		184B01A6196B0CFB000BB925 /* AudioToolbox.framework in Frameworks */ = {isa = PBXBuildFile; fileRef = 184B01A1196B0CFB000BB925 /* AudioToolbox.framework */; };
		184B01A7196B0CFB000BB925 /* AVFoundation.framework in Frameworks */ = {isa = PBXBuildFile; fileRef = 184B01A2196B0CFB000BB925 /* AVFoundation.framework */; };
		184B01A8196B0CFB000BB925 /* CoreAudio.framework in Frameworks */ = {isa = PBXBuildFile; fileRef = 184B01A3196B0CFB000BB925 /* CoreAudio.framework */; };
		184B01A9196B0CFB000BB925 /* CoreMedia.framework in Frameworks */ = {isa = PBXBuildFile; fileRef = 184B01A4196B0CFB000BB925 /* CoreMedia.framework */; };
		184B01AA196B0CFB000BB925 /* CoreVideo.framework in Frameworks */ = {isa = PBXBuildFile; fileRef = 184B01A5196B0CFB000BB925 /* CoreVideo.framework */; };
		184B01AC196B1156000BB925 /* libstdc++.6.dylib in Frameworks */ = {isa = PBXBuildFile; fileRef = 184B01AB196B1156000BB925 /* libstdc++.6.dylib */; };
		184B01C8196B3BFB000BB925 /* libWebRTC-Debug.a in Frameworks */ = {isa = PBXBuildFile; fileRef = 184B01C7196B3BFB000BB925 /* libWebRTC-Debug.a */; };
		184B01CD196D9399000BB925 /* CallViewController.m in Sources */ = {isa = PBXBuildFile; fileRef = 184B01CC196D9399000BB925 /* CallViewController.m */; };
		184B01CF196DC79E000BB925 /* GLKit.framework in Frameworks */ = {isa = PBXBuildFile; fileRef = 184B01CE196DC79E000BB925 /* GLKit.framework */; };
/* End PBXBuildFile section */

/* Begin PBXContainerItemProxy section */
		18068982196613F000BDCD26 /* PBXContainerItemProxy */ = {
			isa = PBXContainerItemProxy;
			containerPortal = 18068951196613F000BDCD26 /* Project object */;
			proxyType = 1;
			remoteGlobalIDString = 18068958196613F000BDCD26;
			remoteInfo = Respoke;
		};
/* End PBXContainerItemProxy section */

/* Begin PBXFileReference section */
		18068959196613F000BDCD26 /* Respoke.app */ = {isa = PBXFileReference; explicitFileType = wrapper.application; includeInIndex = 0; path = Respoke.app; sourceTree = BUILT_PRODUCTS_DIR; };
		1806895C196613F000BDCD26 /* Foundation.framework */ = {isa = PBXFileReference; lastKnownFileType = wrapper.framework; name = Foundation.framework; path = System/Library/Frameworks/Foundation.framework; sourceTree = SDKROOT; };
		1806895E196613F000BDCD26 /* CoreGraphics.framework */ = {isa = PBXFileReference; lastKnownFileType = wrapper.framework; name = CoreGraphics.framework; path = System/Library/Frameworks/CoreGraphics.framework; sourceTree = SDKROOT; };
		18068960196613F000BDCD26 /* UIKit.framework */ = {isa = PBXFileReference; lastKnownFileType = wrapper.framework; name = UIKit.framework; path = System/Library/Frameworks/UIKit.framework; sourceTree = SDKROOT; };
		18068964196613F000BDCD26 /* Respoke-Info.plist */ = {isa = PBXFileReference; lastKnownFileType = text.plist.xml; path = "Respoke-Info.plist"; sourceTree = "<group>"; };
		18068966196613F000BDCD26 /* en */ = {isa = PBXFileReference; lastKnownFileType = text.plist.strings; name = en; path = en.lproj/InfoPlist.strings; sourceTree = "<group>"; };
		18068968196613F000BDCD26 /* main.m */ = {isa = PBXFileReference; lastKnownFileType = sourcecode.c.objc; path = main.m; sourceTree = "<group>"; };
		1806896A196613F000BDCD26 /* Respoke-Prefix.pch */ = {isa = PBXFileReference; lastKnownFileType = sourcecode.c.h; path = "Respoke-Prefix.pch"; sourceTree = "<group>"; };
		1806896B196613F000BDCD26 /* AppDelegate.h */ = {isa = PBXFileReference; lastKnownFileType = sourcecode.c.h; path = AppDelegate.h; sourceTree = "<group>"; };
		1806896C196613F000BDCD26 /* AppDelegate.m */ = {isa = PBXFileReference; lastKnownFileType = sourcecode.c.objc; path = AppDelegate.m; sourceTree = "<group>"; };
		1806896F196613F000BDCD26 /* Base */ = {isa = PBXFileReference; lastKnownFileType = file.storyboard; name = Base; path = Base.lproj/Main_iPhone.storyboard; sourceTree = "<group>"; };
		18068972196613F000BDCD26 /* Base */ = {isa = PBXFileReference; lastKnownFileType = file.storyboard; name = Base; path = Base.lproj/Main_iPad.storyboard; sourceTree = "<group>"; };
		18068974196613F000BDCD26 /* LoginViewController.h */ = {isa = PBXFileReference; lastKnownFileType = sourcecode.c.h; path = LoginViewController.h; sourceTree = "<group>"; };
		18068975196613F000BDCD26 /* LoginViewController.m */ = {isa = PBXFileReference; lastKnownFileType = sourcecode.c.objc; path = LoginViewController.m; sourceTree = "<group>"; };
		18068977196613F000BDCD26 /* Images.xcassets */ = {isa = PBXFileReference; lastKnownFileType = folder.assetcatalog; path = Images.xcassets; sourceTree = "<group>"; };
		1806897D196613F000BDCD26 /* RespokeTests.xctest */ = {isa = PBXFileReference; explicitFileType = wrapper.cfbundle; includeInIndex = 0; path = RespokeTests.xctest; sourceTree = BUILT_PRODUCTS_DIR; };
		1806897E196613F000BDCD26 /* XCTest.framework */ = {isa = PBXFileReference; lastKnownFileType = wrapper.framework; name = XCTest.framework; path = Library/Frameworks/XCTest.framework; sourceTree = DEVELOPER_DIR; };
		18068986196613F000BDCD26 /* RespokeTests-Info.plist */ = {isa = PBXFileReference; lastKnownFileType = text.plist.xml; path = "RespokeTests-Info.plist"; sourceTree = "<group>"; };
		18068988196613F000BDCD26 /* en */ = {isa = PBXFileReference; lastKnownFileType = text.plist.strings; name = en; path = en.lproj/InfoPlist.strings; sourceTree = "<group>"; };
		1806898A196613F000BDCD26 /* RespokeTests.m */ = {isa = PBXFileReference; lastKnownFileType = sourcecode.c.objc; path = RespokeTests.m; sourceTree = "<group>"; };
		180689951966EA1100BDCD26 /* logo_respoke.png */ = {isa = PBXFileReference; lastKnownFileType = image.png; path = logo_respoke.png; sourceTree = "<group>"; };
		184B00E819676680000BB925 /* RTCAudioSource.h */ = {isa = PBXFileReference; fileEncoding = 4; lastKnownFileType = sourcecode.c.h; path = RTCAudioSource.h; sourceTree = "<group>"; };
		184B00E919676680000BB925 /* RTCAudioTrack.h */ = {isa = PBXFileReference; fileEncoding = 4; lastKnownFileType = sourcecode.c.h; path = RTCAudioTrack.h; sourceTree = "<group>"; };
		184B00EA19676680000BB925 /* RTCDataChannel.h */ = {isa = PBXFileReference; fileEncoding = 4; lastKnownFileType = sourcecode.c.h; path = RTCDataChannel.h; sourceTree = "<group>"; };
		184B00EB19676680000BB925 /* RTCEAGLVideoView.h */ = {isa = PBXFileReference; fileEncoding = 4; lastKnownFileType = sourcecode.c.h; path = RTCEAGLVideoView.h; sourceTree = "<group>"; };
		184B00EC19676680000BB925 /* RTCI420Frame.h */ = {isa = PBXFileReference; fileEncoding = 4; lastKnownFileType = sourcecode.c.h; path = RTCI420Frame.h; sourceTree = "<group>"; };
		184B00ED19676680000BB925 /* RTCICECandidate.h */ = {isa = PBXFileReference; fileEncoding = 4; lastKnownFileType = sourcecode.c.h; path = RTCICECandidate.h; sourceTree = "<group>"; };
		184B00EE19676680000BB925 /* RTCICEServer.h */ = {isa = PBXFileReference; fileEncoding = 4; lastKnownFileType = sourcecode.c.h; path = RTCICEServer.h; sourceTree = "<group>"; };
		184B00EF19676680000BB925 /* RTCMediaConstraints.h */ = {isa = PBXFileReference; fileEncoding = 4; lastKnownFileType = sourcecode.c.h; path = RTCMediaConstraints.h; sourceTree = "<group>"; };
		184B00F019676680000BB925 /* RTCMediaSource.h */ = {isa = PBXFileReference; fileEncoding = 4; lastKnownFileType = sourcecode.c.h; path = RTCMediaSource.h; sourceTree = "<group>"; };
		184B00F119676680000BB925 /* RTCMediaStream.h */ = {isa = PBXFileReference; fileEncoding = 4; lastKnownFileType = sourcecode.c.h; path = RTCMediaStream.h; sourceTree = "<group>"; };
		184B00F219676680000BB925 /* RTCMediaStreamTrack.h */ = {isa = PBXFileReference; fileEncoding = 4; lastKnownFileType = sourcecode.c.h; path = RTCMediaStreamTrack.h; sourceTree = "<group>"; };
		184B00F319676680000BB925 /* RTCNSGLVideoView.h */ = {isa = PBXFileReference; fileEncoding = 4; lastKnownFileType = sourcecode.c.h; path = RTCNSGLVideoView.h; sourceTree = "<group>"; };
		184B00F419676680000BB925 /* RTCOpenGLVideoRenderer.h */ = {isa = PBXFileReference; fileEncoding = 4; lastKnownFileType = sourcecode.c.h; path = RTCOpenGLVideoRenderer.h; sourceTree = "<group>"; };
		184B00F519676680000BB925 /* RTCPair.h */ = {isa = PBXFileReference; fileEncoding = 4; lastKnownFileType = sourcecode.c.h; path = RTCPair.h; sourceTree = "<group>"; };
		184B00F619676680000BB925 /* RTCPeerConnection.h */ = {isa = PBXFileReference; fileEncoding = 4; lastKnownFileType = sourcecode.c.h; path = RTCPeerConnection.h; sourceTree = "<group>"; };
		184B00F719676680000BB925 /* RTCPeerConnectionDelegate.h */ = {isa = PBXFileReference; fileEncoding = 4; lastKnownFileType = sourcecode.c.h; path = RTCPeerConnectionDelegate.h; sourceTree = "<group>"; };
		184B00F819676680000BB925 /* RTCPeerConnectionFactory.h */ = {isa = PBXFileReference; fileEncoding = 4; lastKnownFileType = sourcecode.c.h; path = RTCPeerConnectionFactory.h; sourceTree = "<group>"; };
		184B00F919676680000BB925 /* RTCSessionDescription.h */ = {isa = PBXFileReference; fileEncoding = 4; lastKnownFileType = sourcecode.c.h; path = RTCSessionDescription.h; sourceTree = "<group>"; };
		184B00FA19676680000BB925 /* RTCSessionDescriptionDelegate.h */ = {isa = PBXFileReference; fileEncoding = 4; lastKnownFileType = sourcecode.c.h; path = RTCSessionDescriptionDelegate.h; sourceTree = "<group>"; };
		184B00FB19676680000BB925 /* RTCStatsDelegate.h */ = {isa = PBXFileReference; fileEncoding = 4; lastKnownFileType = sourcecode.c.h; path = RTCStatsDelegate.h; sourceTree = "<group>"; };
		184B00FC19676680000BB925 /* RTCStatsReport.h */ = {isa = PBXFileReference; fileEncoding = 4; lastKnownFileType = sourcecode.c.h; path = RTCStatsReport.h; sourceTree = "<group>"; };
		184B00FD19676680000BB925 /* RTCTypes.h */ = {isa = PBXFileReference; fileEncoding = 4; lastKnownFileType = sourcecode.c.h; path = RTCTypes.h; sourceTree = "<group>"; };
		184B00FE19676680000BB925 /* RTCVideoCapturer.h */ = {isa = PBXFileReference; fileEncoding = 4; lastKnownFileType = sourcecode.c.h; path = RTCVideoCapturer.h; sourceTree = "<group>"; };
		184B00FF19676680000BB925 /* RTCVideoRenderer.h */ = {isa = PBXFileReference; fileEncoding = 4; lastKnownFileType = sourcecode.c.h; path = RTCVideoRenderer.h; sourceTree = "<group>"; };
		184B010019676680000BB925 /* RTCVideoSource.h */ = {isa = PBXFileReference; fileEncoding = 4; lastKnownFileType = sourcecode.c.h; path = RTCVideoSource.h; sourceTree = "<group>"; };
		184B010119676680000BB925 /* RTCVideoTrack.h */ = {isa = PBXFileReference; fileEncoding = 4; lastKnownFileType = sourcecode.c.h; path = RTCVideoTrack.h; sourceTree = "<group>"; };
		184B0188196B097F000BB925 /* Respoke.h */ = {isa = PBXFileReference; fileEncoding = 4; lastKnownFileType = sourcecode.c.h; path = Respoke.h; sourceTree = "<group>"; };
		184B0189196B097F000BB925 /* Respoke.m */ = {isa = PBXFileReference; fileEncoding = 4; lastKnownFileType = sourcecode.c.objc; path = Respoke.m; sourceTree = "<group>"; };
		184B018B196B09B7000BB925 /* RespokeWebRTCManager.h */ = {isa = PBXFileReference; fileEncoding = 4; lastKnownFileType = sourcecode.c.h; path = RespokeWebRTCManager.h; sourceTree = "<group>"; };
		184B018C196B09B7000BB925 /* RespokeWebRTCManager.m */ = {isa = PBXFileReference; fileEncoding = 4; lastKnownFileType = sourcecode.c.objc; path = RespokeWebRTCManager.m; sourceTree = "<group>"; };
		184B018E196B0A84000BB925 /* APPRTCAppClient.h */ = {isa = PBXFileReference; fileEncoding = 4; lastKnownFileType = sourcecode.c.h; path = APPRTCAppClient.h; sourceTree = "<group>"; };
		184B018F196B0A84000BB925 /* APPRTCAppClient.m */ = {isa = PBXFileReference; fileEncoding = 4; lastKnownFileType = sourcecode.c.objc; path = APPRTCAppClient.m; sourceTree = "<group>"; };
		184B0190196B0A84000BB925 /* APPRTCConnectionManager.h */ = {isa = PBXFileReference; fileEncoding = 4; lastKnownFileType = sourcecode.c.h; path = APPRTCConnectionManager.h; sourceTree = "<group>"; };
		184B0191196B0A84000BB925 /* APPRTCConnectionManager.m */ = {isa = PBXFileReference; fileEncoding = 4; lastKnownFileType = sourcecode.c.objc; path = APPRTCConnectionManager.m; sourceTree = "<group>"; };
		184B0192196B0A84000BB925 /* channel.html */ = {isa = PBXFileReference; fileEncoding = 4; lastKnownFileType = text.html; path = channel.html; sourceTree = "<group>"; };
		184B0193196B0A84000BB925 /* GAEChannelClient.h */ = {isa = PBXFileReference; fileEncoding = 4; lastKnownFileType = sourcecode.c.h; path = GAEChannelClient.h; sourceTree = "<group>"; };
		184B0194196B0A84000BB925 /* GAEChannelClient.m */ = {isa = PBXFileReference; fileEncoding = 4; lastKnownFileType = sourcecode.c.objc; path = GAEChannelClient.m; sourceTree = "<group>"; };
		184B0199196B0B29000BB925 /* libsqlite3.dylib */ = {isa = PBXFileReference; lastKnownFileType = "compiled.mach-o.dylib"; name = libsqlite3.dylib; path = usr/lib/libsqlite3.dylib; sourceTree = SDKROOT; };
		184B019B196B0C2F000BB925 /* libstdc++.dylib */ = {isa = PBXFileReference; lastKnownFileType = "compiled.mach-o.dylib"; name = "libstdc++.dylib"; path = "usr/lib/libstdc++.dylib"; sourceTree = SDKROOT; };
		184B019D196B0CDA000BB925 /* OpenGLES.framework */ = {isa = PBXFileReference; lastKnownFileType = wrapper.framework; name = OpenGLES.framework; path = System/Library/Frameworks/OpenGLES.framework; sourceTree = SDKROOT; };
		184B019E196B0CDA000BB925 /* QuartzCore.framework */ = {isa = PBXFileReference; lastKnownFileType = wrapper.framework; name = QuartzCore.framework; path = System/Library/Frameworks/QuartzCore.framework; sourceTree = SDKROOT; };
		184B01A1196B0CFB000BB925 /* AudioToolbox.framework */ = {isa = PBXFileReference; lastKnownFileType = wrapper.framework; name = AudioToolbox.framework; path = System/Library/Frameworks/AudioToolbox.framework; sourceTree = SDKROOT; };
		184B01A2196B0CFB000BB925 /* AVFoundation.framework */ = {isa = PBXFileReference; lastKnownFileType = wrapper.framework; name = AVFoundation.framework; path = System/Library/Frameworks/AVFoundation.framework; sourceTree = SDKROOT; };
		184B01A3196B0CFB000BB925 /* CoreAudio.framework */ = {isa = PBXFileReference; lastKnownFileType = wrapper.framework; name = CoreAudio.framework; path = System/Library/Frameworks/CoreAudio.framework; sourceTree = SDKROOT; };
		184B01A4196B0CFB000BB925 /* CoreMedia.framework */ = {isa = PBXFileReference; lastKnownFileType = wrapper.framework; name = CoreMedia.framework; path = System/Library/Frameworks/CoreMedia.framework; sourceTree = SDKROOT; };
		184B01A5196B0CFB000BB925 /* CoreVideo.framework */ = {isa = PBXFileReference; lastKnownFileType = wrapper.framework; name = CoreVideo.framework; path = System/Library/Frameworks/CoreVideo.framework; sourceTree = SDKROOT; };
		184B01AB196B1156000BB925 /* libstdc++.6.dylib */ = {isa = PBXFileReference; lastKnownFileType = "compiled.mach-o.dylib"; name = "libstdc++.6.dylib"; path = "usr/lib/libstdc++.6.dylib"; sourceTree = SDKROOT; };
		184B01C7196B3BFB000BB925 /* libWebRTC-Debug.a */ = {isa = PBXFileReference; lastKnownFileType = archive.ar; path = "libWebRTC-Debug.a"; sourceTree = "<group>"; };
		184B01CB196D9399000BB925 /* CallViewController.h */ = {isa = PBXFileReference; fileEncoding = 4; lastKnownFileType = sourcecode.c.h; path = CallViewController.h; sourceTree = "<group>"; };
		184B01CC196D9399000BB925 /* CallViewController.m */ = {isa = PBXFileReference; fileEncoding = 4; lastKnownFileType = sourcecode.c.objc; path = CallViewController.m; sourceTree = "<group>"; };
		184B01CE196DC79E000BB925 /* GLKit.framework */ = {isa = PBXFileReference; lastKnownFileType = wrapper.framework; name = GLKit.framework; path = System/Library/Frameworks/GLKit.framework; sourceTree = SDKROOT; };
/* End PBXFileReference section */

/* Begin PBXFrameworksBuildPhase section */
		18068956196613F000BDCD26 /* Frameworks */ = {
			isa = PBXFrameworksBuildPhase;
			buildActionMask = 2147483647;
			files = (
				184B01CF196DC79E000BB925 /* GLKit.framework in Frameworks */,
				184B01AC196B1156000BB925 /* libstdc++.6.dylib in Frameworks */,
				184B01A6196B0CFB000BB925 /* AudioToolbox.framework in Frameworks */,
				184B01A7196B0CFB000BB925 /* AVFoundation.framework in Frameworks */,
				184B01A8196B0CFB000BB925 /* CoreAudio.framework in Frameworks */,
				184B01A9196B0CFB000BB925 /* CoreMedia.framework in Frameworks */,
				184B01AA196B0CFB000BB925 /* CoreVideo.framework in Frameworks */,
				1806895F196613F000BDCD26 /* CoreGraphics.framework in Frameworks */,
				184B019F196B0CDA000BB925 /* OpenGLES.framework in Frameworks */,
				184B01A0196B0CDA000BB925 /* QuartzCore.framework in Frameworks */,
				184B019A196B0B29000BB925 /* libsqlite3.dylib in Frameworks */,
				184B01C8196B3BFB000BB925 /* libWebRTC-Debug.a in Frameworks */,
				18068961196613F000BDCD26 /* UIKit.framework in Frameworks */,
				1806895D196613F000BDCD26 /* Foundation.framework in Frameworks */,
			);
			runOnlyForDeploymentPostprocessing = 0;
		};
		1806897A196613F000BDCD26 /* Frameworks */ = {
			isa = PBXFrameworksBuildPhase;
			buildActionMask = 2147483647;
			files = (
				1806897F196613F000BDCD26 /* XCTest.framework in Frameworks */,
				18068981196613F000BDCD26 /* UIKit.framework in Frameworks */,
				18068980196613F000BDCD26 /* Foundation.framework in Frameworks */,
			);
			runOnlyForDeploymentPostprocessing = 0;
		};
/* End PBXFrameworksBuildPhase section */

/* Begin PBXGroup section */
		18068950196613F000BDCD26 = {
			isa = PBXGroup;
			children = (
				18068962196613F000BDCD26 /* Respoke */,
				18068984196613F000BDCD26 /* RespokeTests */,
				1806895B196613F000BDCD26 /* Frameworks */,
				1806895A196613F000BDCD26 /* Products */,
			);
			sourceTree = "<group>";
		};
		1806895A196613F000BDCD26 /* Products */ = {
			isa = PBXGroup;
			children = (
				18068959196613F000BDCD26 /* Respoke.app */,
				1806897D196613F000BDCD26 /* RespokeTests.xctest */,
			);
			name = Products;
			sourceTree = "<group>";
		};
		1806895B196613F000BDCD26 /* Frameworks */ = {
			isa = PBXGroup;
			children = (
				184B01CE196DC79E000BB925 /* GLKit.framework */,
				184B01AB196B1156000BB925 /* libstdc++.6.dylib */,
				184B01A1196B0CFB000BB925 /* AudioToolbox.framework */,
				184B01A2196B0CFB000BB925 /* AVFoundation.framework */,
				184B01A3196B0CFB000BB925 /* CoreAudio.framework */,
				184B01A4196B0CFB000BB925 /* CoreMedia.framework */,
				184B01A5196B0CFB000BB925 /* CoreVideo.framework */,
				184B019D196B0CDA000BB925 /* OpenGLES.framework */,
				184B019E196B0CDA000BB925 /* QuartzCore.framework */,
				184B019B196B0C2F000BB925 /* libstdc++.dylib */,
				184B0199196B0B29000BB925 /* libsqlite3.dylib */,
				1806895C196613F000BDCD26 /* Foundation.framework */,
				1806895E196613F000BDCD26 /* CoreGraphics.framework */,
				18068960196613F000BDCD26 /* UIKit.framework */,
				1806897E196613F000BDCD26 /* XCTest.framework */,
			);
			name = Frameworks;
			sourceTree = "<group>";
		};
		18068962196613F000BDCD26 /* Respoke */ = {
			isa = PBXGroup;
			children = (
				1806896B196613F000BDCD26 /* AppDelegate.h */,
				1806896C196613F000BDCD26 /* AppDelegate.m */,
				180689941966EA1100BDCD26 /* Images */,
				18068977196613F000BDCD26 /* Images.xcassets */,
				18068974196613F000BDCD26 /* LoginViewController.h */,
				18068975196613F000BDCD26 /* LoginViewController.m */,
				18068971196613F000BDCD26 /* Main_iPad.storyboard */,
				1806896E196613F000BDCD26 /* Main_iPhone.storyboard */,
				184B0187196B097F000BB925 /* RespokeAPI */,
				18068963196613F000BDCD26 /* Supporting Files */,
				184B01CB196D9399000BB925 /* CallViewController.h */,
				184B01CC196D9399000BB925 /* CallViewController.m */,
			);
			path = Respoke;
			sourceTree = "<group>";
		};
		18068963196613F000BDCD26 /* Supporting Files */ = {
			isa = PBXGroup;
			children = (
				18068964196613F000BDCD26 /* Respoke-Info.plist */,
				18068965196613F000BDCD26 /* InfoPlist.strings */,
				18068968196613F000BDCD26 /* main.m */,
				1806896A196613F000BDCD26 /* Respoke-Prefix.pch */,
			);
			name = "Supporting Files";
			sourceTree = "<group>";
		};
		18068984196613F000BDCD26 /* RespokeTests */ = {
			isa = PBXGroup;
			children = (
				1806898A196613F000BDCD26 /* RespokeTests.m */,
				18068985196613F000BDCD26 /* Supporting Files */,
			);
			path = RespokeTests;
			sourceTree = "<group>";
		};
		18068985196613F000BDCD26 /* Supporting Files */ = {
			isa = PBXGroup;
			children = (
				18068986196613F000BDCD26 /* RespokeTests-Info.plist */,
				18068987196613F000BDCD26 /* InfoPlist.strings */,
			);
			name = "Supporting Files";
			sourceTree = "<group>";
		};
		180689941966EA1100BDCD26 /* Images */ = {
			isa = PBXGroup;
			children = (
				180689951966EA1100BDCD26 /* logo_respoke.png */,
			);
			path = Images;
			sourceTree = "<group>";
		};
		184B00E619676680000BB925 /* WebRTC */ = {
			isa = PBXGroup;
			children = (
				184B01C7196B3BFB000BB925 /* libWebRTC-Debug.a */,
				184B00E719676680000BB925 /* headers */,
			);
			path = WebRTC;
			sourceTree = SOURCE_ROOT;
		};
		184B00E719676680000BB925 /* headers */ = {
			isa = PBXGroup;
			children = (
				184B00E819676680000BB925 /* RTCAudioSource.h */,
				184B00E919676680000BB925 /* RTCAudioTrack.h */,
				184B00EA19676680000BB925 /* RTCDataChannel.h */,
				184B00EB19676680000BB925 /* RTCEAGLVideoView.h */,
				184B00EC19676680000BB925 /* RTCI420Frame.h */,
				184B00ED19676680000BB925 /* RTCICECandidate.h */,
				184B00EE19676680000BB925 /* RTCICEServer.h */,
				184B00EF19676680000BB925 /* RTCMediaConstraints.h */,
				184B00F019676680000BB925 /* RTCMediaSource.h */,
				184B00F119676680000BB925 /* RTCMediaStream.h */,
				184B00F219676680000BB925 /* RTCMediaStreamTrack.h */,
				184B00F319676680000BB925 /* RTCNSGLVideoView.h */,
				184B00F419676680000BB925 /* RTCOpenGLVideoRenderer.h */,
				184B00F519676680000BB925 /* RTCPair.h */,
				184B00F619676680000BB925 /* RTCPeerConnection.h */,
				184B00F719676680000BB925 /* RTCPeerConnectionDelegate.h */,
				184B00F819676680000BB925 /* RTCPeerConnectionFactory.h */,
				184B00F919676680000BB925 /* RTCSessionDescription.h */,
				184B00FA19676680000BB925 /* RTCSessionDescriptionDelegate.h */,
				184B00FB19676680000BB925 /* RTCStatsDelegate.h */,
				184B00FC19676680000BB925 /* RTCStatsReport.h */,
				184B00FD19676680000BB925 /* RTCTypes.h */,
				184B00FE19676680000BB925 /* RTCVideoCapturer.h */,
				184B00FF19676680000BB925 /* RTCVideoRenderer.h */,
				184B010019676680000BB925 /* RTCVideoSource.h */,
				184B010119676680000BB925 /* RTCVideoTrack.h */,
			);
			path = headers;
			sourceTree = "<group>";
		};
		184B0187196B097F000BB925 /* RespokeAPI */ = {
			isa = PBXGroup;
			children = (
				184B018E196B0A84000BB925 /* APPRTCAppClient.h */,
				184B018F196B0A84000BB925 /* APPRTCAppClient.m */,
				184B0190196B0A84000BB925 /* APPRTCConnectionManager.h */,
				184B0191196B0A84000BB925 /* APPRTCConnectionManager.m */,
				184B0192196B0A84000BB925 /* channel.html */,
				184B0193196B0A84000BB925 /* GAEChannelClient.h */,
				184B0194196B0A84000BB925 /* GAEChannelClient.m */,
				184B0188196B097F000BB925 /* Respoke.h */,
				184B0189196B097F000BB925 /* Respoke.m */,
				184B018B196B09B7000BB925 /* RespokeWebRTCManager.h */,
				184B018C196B09B7000BB925 /* RespokeWebRTCManager.m */,
				184B00E619676680000BB925 /* WebRTC */,
			);
			path = RespokeAPI;
			sourceTree = "<group>";
		};
/* End PBXGroup section */

/* Begin PBXNativeTarget section */
		18068958196613F000BDCD26 /* Respoke */ = {
			isa = PBXNativeTarget;
			buildConfigurationList = 1806898E196613F000BDCD26 /* Build configuration list for PBXNativeTarget "Respoke" */;
			buildPhases = (
				18068955196613F000BDCD26 /* Sources */,
				18068956196613F000BDCD26 /* Frameworks */,
				18068957196613F000BDCD26 /* Resources */,
			);
			buildRules = (
			);
			dependencies = (
			);
			name = Respoke;
			productName = Respoke;
			productReference = 18068959196613F000BDCD26 /* Respoke.app */;
			productType = "com.apple.product-type.application";
		};
		1806897C196613F000BDCD26 /* RespokeTests */ = {
			isa = PBXNativeTarget;
			buildConfigurationList = 18068991196613F000BDCD26 /* Build configuration list for PBXNativeTarget "RespokeTests" */;
			buildPhases = (
				18068979196613F000BDCD26 /* Sources */,
				1806897A196613F000BDCD26 /* Frameworks */,
				1806897B196613F000BDCD26 /* Resources */,
			);
			buildRules = (
			);
			dependencies = (
				18068983196613F000BDCD26 /* PBXTargetDependency */,
			);
			name = RespokeTests;
			productName = RespokeTests;
			productReference = 1806897D196613F000BDCD26 /* RespokeTests.xctest */;
			productType = "com.apple.product-type.bundle.unit-test";
		};
/* End PBXNativeTarget section */

/* Begin PBXProject section */
		18068951196613F000BDCD26 /* Project object */ = {
			isa = PBXProject;
			attributes = {
				LastUpgradeCheck = 0510;
				ORGANIZATIONNAME = "Ninjanetic Design Inc.";
				TargetAttributes = {
					1806897C196613F000BDCD26 = {
						TestTargetID = 18068958196613F000BDCD26;
					};
				};
			};
			buildConfigurationList = 18068954196613F000BDCD26 /* Build configuration list for PBXProject "Respoke" */;
			compatibilityVersion = "Xcode 3.2";
			developmentRegion = English;
			hasScannedForEncodings = 0;
			knownRegions = (
				en,
				Base,
			);
			mainGroup = 18068950196613F000BDCD26;
			productRefGroup = 1806895A196613F000BDCD26 /* Products */;
			projectDirPath = "";
			projectRoot = "";
			targets = (
				18068958196613F000BDCD26 /* Respoke */,
				1806897C196613F000BDCD26 /* RespokeTests */,
			);
		};
/* End PBXProject section */

/* Begin PBXResourcesBuildPhase section */
		18068957196613F000BDCD26 /* Resources */ = {
			isa = PBXResourcesBuildPhase;
			buildActionMask = 2147483647;
			files = (
				18068973196613F000BDCD26 /* Main_iPad.storyboard in Resources */,
				18068978196613F000BDCD26 /* Images.xcassets in Resources */,
				184B0197196B0A84000BB925 /* channel.html in Resources */,
				180689961966EA1100BDCD26 /* logo_respoke.png in Resources */,
				18068970196613F000BDCD26 /* Main_iPhone.storyboard in Resources */,
				18068967196613F000BDCD26 /* InfoPlist.strings in Resources */,
			);
			runOnlyForDeploymentPostprocessing = 0;
		};
		1806897B196613F000BDCD26 /* Resources */ = {
			isa = PBXResourcesBuildPhase;
			buildActionMask = 2147483647;
			files = (
				18068989196613F000BDCD26 /* InfoPlist.strings in Resources */,
			);
			runOnlyForDeploymentPostprocessing = 0;
		};
/* End PBXResourcesBuildPhase section */

/* Begin PBXSourcesBuildPhase section */
		18068955196613F000BDCD26 /* Sources */ = {
			isa = PBXSourcesBuildPhase;
			buildActionMask = 2147483647;
			files = (
				18068976196613F000BDCD26 /* LoginViewController.m in Sources */,
				184B018A196B097F000BB925 /* Respoke.m in Sources */,
				184B0198196B0A84000BB925 /* GAEChannelClient.m in Sources */,
				184B01CD196D9399000BB925 /* CallViewController.m in Sources */,
				184B018D196B09B7000BB925 /* RespokeWebRTCManager.m in Sources */,
				1806896D196613F000BDCD26 /* AppDelegate.m in Sources */,
				184B0196196B0A84000BB925 /* APPRTCConnectionManager.m in Sources */,
				184B0195196B0A84000BB925 /* APPRTCAppClient.m in Sources */,
				18068969196613F000BDCD26 /* main.m in Sources */,
			);
			runOnlyForDeploymentPostprocessing = 0;
		};
		18068979196613F000BDCD26 /* Sources */ = {
			isa = PBXSourcesBuildPhase;
			buildActionMask = 2147483647;
			files = (
				1806898B196613F000BDCD26 /* RespokeTests.m in Sources */,
			);
			runOnlyForDeploymentPostprocessing = 0;
		};
/* End PBXSourcesBuildPhase section */

/* Begin PBXTargetDependency section */
		18068983196613F000BDCD26 /* PBXTargetDependency */ = {
			isa = PBXTargetDependency;
			target = 18068958196613F000BDCD26 /* Respoke */;
			targetProxy = 18068982196613F000BDCD26 /* PBXContainerItemProxy */;
		};
/* End PBXTargetDependency section */

/* Begin PBXVariantGroup section */
		18068965196613F000BDCD26 /* InfoPlist.strings */ = {
			isa = PBXVariantGroup;
			children = (
				18068966196613F000BDCD26 /* en */,
			);
			name = InfoPlist.strings;
			sourceTree = "<group>";
		};
		1806896E196613F000BDCD26 /* Main_iPhone.storyboard */ = {
			isa = PBXVariantGroup;
			children = (
				1806896F196613F000BDCD26 /* Base */,
			);
			name = Main_iPhone.storyboard;
			sourceTree = "<group>";
		};
		18068971196613F000BDCD26 /* Main_iPad.storyboard */ = {
			isa = PBXVariantGroup;
			children = (
				18068972196613F000BDCD26 /* Base */,
			);
			name = Main_iPad.storyboard;
			sourceTree = "<group>";
		};
		18068987196613F000BDCD26 /* InfoPlist.strings */ = {
			isa = PBXVariantGroup;
			children = (
				18068988196613F000BDCD26 /* en */,
			);
			name = InfoPlist.strings;
			sourceTree = "<group>";
		};
/* End PBXVariantGroup section */

/* Begin XCBuildConfiguration section */
		1806898C196613F000BDCD26 /* Debug */ = {
			isa = XCBuildConfiguration;
			buildSettings = {
				ALWAYS_SEARCH_USER_PATHS = NO;
				ARCHS = armv7;
				CLANG_CXX_LANGUAGE_STANDARD = "gnu++0x";
				CLANG_CXX_LIBRARY = "libc++";
				CLANG_ENABLE_MODULES = YES;
				CLANG_ENABLE_OBJC_ARC = YES;
				CLANG_WARN_BOOL_CONVERSION = YES;
				CLANG_WARN_CONSTANT_CONVERSION = YES;
				CLANG_WARN_DIRECT_OBJC_ISA_USAGE = YES_ERROR;
				CLANG_WARN_EMPTY_BODY = YES;
				CLANG_WARN_ENUM_CONVERSION = YES;
				CLANG_WARN_INT_CONVERSION = YES;
				CLANG_WARN_OBJC_ROOT_CLASS = YES_ERROR;
				CLANG_WARN__DUPLICATE_METHOD_MATCH = YES;
				"CODE_SIGN_IDENTITY[sdk=iphoneos*]" = "iPhone Developer";
				COPY_PHASE_STRIP = NO;
				GCC_C_LANGUAGE_STANDARD = gnu99;
				GCC_DYNAMIC_NO_PIC = NO;
				GCC_OPTIMIZATION_LEVEL = 0;
				GCC_PREPROCESSOR_DEFINITIONS = (
					"DEBUG=1",
					"$(inherited)",
				);
				GCC_SYMBOLS_PRIVATE_EXTERN = NO;
				GCC_WARN_64_TO_32_BIT_CONVERSION = YES;
				GCC_WARN_ABOUT_RETURN_TYPE = YES_ERROR;
				GCC_WARN_UNDECLARED_SELECTOR = YES;
				GCC_WARN_UNINITIALIZED_AUTOS = YES_AGGRESSIVE;
				GCC_WARN_UNUSED_FUNCTION = YES;
				GCC_WARN_UNUSED_VARIABLE = YES;
				IPHONEOS_DEPLOYMENT_TARGET = 7.1;
				ONLY_ACTIVE_ARCH = YES;
				SDKROOT = iphoneos;
				TARGETED_DEVICE_FAMILY = "1,2";
			};
			name = Debug;
		};
		1806898D196613F000BDCD26 /* Release */ = {
			isa = XCBuildConfiguration;
			buildSettings = {
				ALWAYS_SEARCH_USER_PATHS = NO;
				ARCHS = armv7;
				CLANG_CXX_LANGUAGE_STANDARD = "gnu++0x";
				CLANG_CXX_LIBRARY = "libc++";
				CLANG_ENABLE_MODULES = YES;
				CLANG_ENABLE_OBJC_ARC = YES;
				CLANG_WARN_BOOL_CONVERSION = YES;
				CLANG_WARN_CONSTANT_CONVERSION = YES;
				CLANG_WARN_DIRECT_OBJC_ISA_USAGE = YES_ERROR;
				CLANG_WARN_EMPTY_BODY = YES;
				CLANG_WARN_ENUM_CONVERSION = YES;
				CLANG_WARN_INT_CONVERSION = YES;
				CLANG_WARN_OBJC_ROOT_CLASS = YES_ERROR;
				CLANG_WARN__DUPLICATE_METHOD_MATCH = YES;
				"CODE_SIGN_IDENTITY[sdk=iphoneos*]" = "iPhone Developer";
				COPY_PHASE_STRIP = YES;
				ENABLE_NS_ASSERTIONS = NO;
				GCC_C_LANGUAGE_STANDARD = gnu99;
				GCC_WARN_64_TO_32_BIT_CONVERSION = YES;
				GCC_WARN_ABOUT_RETURN_TYPE = YES_ERROR;
				GCC_WARN_UNDECLARED_SELECTOR = YES;
				GCC_WARN_UNINITIALIZED_AUTOS = YES_AGGRESSIVE;
				GCC_WARN_UNUSED_FUNCTION = YES;
				GCC_WARN_UNUSED_VARIABLE = YES;
				IPHONEOS_DEPLOYMENT_TARGET = 7.1;
				SDKROOT = iphoneos;
				TARGETED_DEVICE_FAMILY = "1,2";
				VALIDATE_PRODUCT = YES;
			};
			name = Release;
		};
		1806898F196613F000BDCD26 /* Debug */ = {
			isa = XCBuildConfiguration;
			buildSettings = {
				ASSETCATALOG_COMPILER_APPICON_NAME = AppIcon;
				ASSETCATALOG_COMPILER_LAUNCHIMAGE_NAME = LaunchImage;
				GCC_PRECOMPILE_PREFIX_HEADER = YES;
				GCC_PREFIX_HEADER = "Respoke/Respoke-Prefix.pch";
				INFOPLIST_FILE = "Respoke/Respoke-Info.plist";
				LIBRARY_SEARCH_PATHS = (
					"$(inherited)",
					"$(PROJECT_DIR)/WebRTC",
				);
				PRODUCT_NAME = "$(TARGET_NAME)";
				WRAPPER_EXTENSION = app;
			};
			name = Debug;
		};
		18068990196613F000BDCD26 /* Release */ = {
			isa = XCBuildConfiguration;
			buildSettings = {
				ASSETCATALOG_COMPILER_APPICON_NAME = AppIcon;
				ASSETCATALOG_COMPILER_LAUNCHIMAGE_NAME = LaunchImage;
				GCC_PRECOMPILE_PREFIX_HEADER = YES;
				GCC_PREFIX_HEADER = "Respoke/Respoke-Prefix.pch";
				INFOPLIST_FILE = "Respoke/Respoke-Info.plist";
				LIBRARY_SEARCH_PATHS = (
					"$(inherited)",
					"$(PROJECT_DIR)/WebRTC",
				);
				PRODUCT_NAME = "$(TARGET_NAME)";
				WRAPPER_EXTENSION = app;
			};
			name = Release;
		};
		18068992196613F000BDCD26 /* Debug */ = {
			isa = XCBuildConfiguration;
			buildSettings = {
				BUNDLE_LOADER = "$(BUILT_PRODUCTS_DIR)/Respoke.app/Respoke";
				FRAMEWORK_SEARCH_PATHS = (
					"$(SDKROOT)/Developer/Library/Frameworks",
					"$(inherited)",
					"$(DEVELOPER_FRAMEWORKS_DIR)",
				);
				GCC_PRECOMPILE_PREFIX_HEADER = YES;
				GCC_PREFIX_HEADER = "Respoke/Respoke-Prefix.pch";
				GCC_PREPROCESSOR_DEFINITIONS = (
					"DEBUG=1",
					"$(inherited)",
				);
				INFOPLIST_FILE = "RespokeTests/RespokeTests-Info.plist";
				PRODUCT_NAME = "$(TARGET_NAME)";
				TEST_HOST = "$(BUNDLE_LOADER)";
				WRAPPER_EXTENSION = xctest;
			};
			name = Debug;
		};
		18068993196613F000BDCD26 /* Release */ = {
			isa = XCBuildConfiguration;
			buildSettings = {
				BUNDLE_LOADER = "$(BUILT_PRODUCTS_DIR)/Respoke.app/Respoke";
				FRAMEWORK_SEARCH_PATHS = (
					"$(SDKROOT)/Developer/Library/Frameworks",
					"$(inherited)",
					"$(DEVELOPER_FRAMEWORKS_DIR)",
				);
				GCC_PRECOMPILE_PREFIX_HEADER = YES;
				GCC_PREFIX_HEADER = "Respoke/Respoke-Prefix.pch";
				INFOPLIST_FILE = "RespokeTests/RespokeTests-Info.plist";
				PRODUCT_NAME = "$(TARGET_NAME)";
				TEST_HOST = "$(BUNDLE_LOADER)";
				WRAPPER_EXTENSION = xctest;
			};
			name = Release;
		};
/* End XCBuildConfiguration section */

/* Begin XCConfigurationList section */
		18068954196613F000BDCD26 /* Build configuration list for PBXProject "Respoke" */ = {
			isa = XCConfigurationList;
			buildConfigurations = (
				1806898C196613F000BDCD26 /* Debug */,
				1806898D196613F000BDCD26 /* Release */,
			);
			defaultConfigurationIsVisible = 0;
			defaultConfigurationName = Release;
		};
		1806898E196613F000BDCD26 /* Build configuration list for PBXNativeTarget "Respoke" */ = {
			isa = XCConfigurationList;
			buildConfigurations = (
				1806898F196613F000BDCD26 /* Debug */,
				18068990196613F000BDCD26 /* Release */,
			);
			defaultConfigurationIsVisible = 0;
			defaultConfigurationName = Release;
		};
		18068991196613F000BDCD26 /* Build configuration list for PBXNativeTarget "RespokeTests" */ = {
			isa = XCConfigurationList;
			buildConfigurations = (
				18068992196613F000BDCD26 /* Debug */,
				18068993196613F000BDCD26 /* Release */,
			);
			defaultConfigurationIsVisible = 0;
			defaultConfigurationName = Release;
		};
/* End XCConfigurationList section */
	};
	rootObject = 18068951196613F000BDCD26 /* Project object */;
}
