// !$*UTF8*$!
{
	archiveVersion = 1;
	classes = {
	};
	objectVersion = 46;
	objects = {

/* Begin PBXBuildFile section */
		1806895D196613F000BDCD26 /* Foundation.framework in Frameworks */ = {isa = PBXBuildFile; fileRef = 1806895C196613F000BDCD26 /* Foundation.framework */; };
		1806895F196613F000BDCD26 /* CoreGraphics.framework in Frameworks */ = {isa = PBXBuildFile; fileRef = 1806895E196613F000BDCD26 /* CoreGraphics.framework */; };
		18068961196613F000BDCD26 /* UIKit.framework in Frameworks */ = {isa = PBXBuildFile; fileRef = 18068960196613F000BDCD26 /* UIKit.framework */; };
		18068967196613F000BDCD26 /* InfoPlist.strings in Resources */ = {isa = PBXBuildFile; fileRef = 18068965196613F000BDCD26 /* InfoPlist.strings */; };
		18068969196613F000BDCD26 /* main.m in Sources */ = {isa = PBXBuildFile; fileRef = 18068968196613F000BDCD26 /* main.m */; };
		1806896D196613F000BDCD26 /* AppDelegate.m in Sources */ = {isa = PBXBuildFile; fileRef = 1806896C196613F000BDCD26 /* AppDelegate.m */; };
		18068970196613F000BDCD26 /* Main_iPhone.storyboard in Resources */ = {isa = PBXBuildFile; fileRef = 1806896E196613F000BDCD26 /* Main_iPhone.storyboard */; };
		18068973196613F000BDCD26 /* Main_iPad.storyboard in Resources */ = {isa = PBXBuildFile; fileRef = 18068971196613F000BDCD26 /* Main_iPad.storyboard */; };
		18068976196613F000BDCD26 /* LoginViewController.m in Sources */ = {isa = PBXBuildFile; fileRef = 18068975196613F000BDCD26 /* LoginViewController.m */; };
		18068978196613F000BDCD26 /* Images.xcassets in Resources */ = {isa = PBXBuildFile; fileRef = 18068977196613F000BDCD26 /* Images.xcassets */; };
		1806897F196613F000BDCD26 /* XCTest.framework in Frameworks */ = {isa = PBXBuildFile; fileRef = 1806897E196613F000BDCD26 /* XCTest.framework */; };
		18068980196613F000BDCD26 /* Foundation.framework in Frameworks */ = {isa = PBXBuildFile; fileRef = 1806895C196613F000BDCD26 /* Foundation.framework */; };
		18068981196613F000BDCD26 /* UIKit.framework in Frameworks */ = {isa = PBXBuildFile; fileRef = 18068960196613F000BDCD26 /* UIKit.framework */; };
		18068989196613F000BDCD26 /* InfoPlist.strings in Resources */ = {isa = PBXBuildFile; fileRef = 18068987196613F000BDCD26 /* InfoPlist.strings */; };
		1806898B196613F000BDCD26 /* RespokeTests.m in Sources */ = {isa = PBXBuildFile; fileRef = 1806898A196613F000BDCD26 /* RespokeTests.m */; };
		180689961966EA1100BDCD26 /* logo_respoke.png in Resources */ = {isa = PBXBuildFile; fileRef = 180689951966EA1100BDCD26 /* logo_respoke.png */; };
		184B018A196B097F000BB925 /* Respoke.m in Sources */ = {isa = PBXBuildFile; fileRef = 184B0189196B097F000BB925 /* Respoke.m */; };
		184B018D196B09B7000BB925 /* RespokeWebRTCManager.m in Sources */ = {isa = PBXBuildFile; fileRef = 184B018C196B09B7000BB925 /* RespokeWebRTCManager.m */; };
		184B0195196B0A84000BB925 /* APPRTCAppClient.m in Sources */ = {isa = PBXBuildFile; fileRef = 184B018F196B0A84000BB925 /* APPRTCAppClient.m */; };
		184B0196196B0A84000BB925 /* APPRTCConnectionManager.m in Sources */ = {isa = PBXBuildFile; fileRef = 184B0191196B0A84000BB925 /* APPRTCConnectionManager.m */; };
		184B0197196B0A84000BB925 /* channel.html in Resources */ = {isa = PBXBuildFile; fileRef = 184B0192196B0A84000BB925 /* channel.html */; };
		184B0198196B0A84000BB925 /* GAEChannelClient.m in Sources */ = {isa = PBXBuildFile; fileRef = 184B0194196B0A84000BB925 /* GAEChannelClient.m */; };
		184B019A196B0B29000BB925 /* libsqlite3.dylib in Frameworks */ = {isa = PBXBuildFile; fileRef = 184B0199196B0B29000BB925 /* libsqlite3.dylib */; };
		184B019F196B0CDA000BB925 /* OpenGLES.framework in Frameworks */ = {isa = PBXBuildFile; fileRef = 184B019D196B0CDA000BB925 /* OpenGLES.framework */; };
		184B01A0196B0CDA000BB925 /* QuartzCore.framework in Frameworks */ = {isa = PBXBuildFile; fileRef = 184B019E196B0CDA000BB925 /* QuartzCore.framework */; };
		184B01A6196B0CFB000BB925 /* AudioToolbox.framework in Frameworks */ = {isa = PBXBuildFile; fileRef = 184B01A1196B0CFB000BB925 /* AudioToolbox.framework */; };
		184B01A7196B0CFB000BB925 /* AVFoundation.framework in Frameworks */ = {isa = PBXBuildFile; fileRef = 184B01A2196B0CFB000BB925 /* AVFoundation.framework */; };
		184B01A8196B0CFB000BB925 /* CoreAudio.framework in Frameworks */ = {isa = PBXBuildFile; fileRef = 184B01A3196B0CFB000BB925 /* CoreAudio.framework */; };
		184B01A9196B0CFB000BB925 /* CoreMedia.framework in Frameworks */ = {isa = PBXBuildFile; fileRef = 184B01A4196B0CFB000BB925 /* CoreMedia.framework */; };
		184B01AA196B0CFB000BB925 /* CoreVideo.framework in Frameworks */ = {isa = PBXBuildFile; fileRef = 184B01A5196B0CFB000BB925 /* CoreVideo.framework */; };
		184B01AC196B1156000BB925 /* libstdc++.6.dylib in Frameworks */ = {isa = PBXBuildFile; fileRef = 184B01AB196B1156000BB925 /* libstdc++.6.dylib */; };
		184B01CD196D9399000BB925 /* CallViewController.m in Sources */ = {isa = PBXBuildFile; fileRef = 184B01CC196D9399000BB925 /* CallViewController.m */; };
		184B01CF196DC79E000BB925 /* GLKit.framework in Frameworks */ = {isa = PBXBuildFile; fileRef = 184B01CE196DC79E000BB925 /* GLKit.framework */; };
		184B0219196F0207000BB925 /* lib_core_neon_offsets.a in Frameworks */ = {isa = PBXBuildFile; fileRef = 184B01D0196F0206000BB925 /* lib_core_neon_offsets.a */; settings = {ATTRIBUTES = (Weak, ); }; };
		184B021A196F0207000BB925 /* libaudio_coding_module.a in Frameworks */ = {isa = PBXBuildFile; fileRef = 184B01D1196F0206000BB925 /* libaudio_coding_module.a */; };
		184B021B196F0207000BB925 /* libaudio_conference_mixer.a in Frameworks */ = {isa = PBXBuildFile; fileRef = 184B01D2196F0206000BB925 /* libaudio_conference_mixer.a */; };
		184B021C196F0207000BB925 /* libaudio_device.a in Frameworks */ = {isa = PBXBuildFile; fileRef = 184B01D3196F0206000BB925 /* libaudio_device.a */; };
		184B021D196F0207000BB925 /* libaudio_processing_neon.a in Frameworks */ = {isa = PBXBuildFile; fileRef = 184B01D4196F0206000BB925 /* libaudio_processing_neon.a */; settings = {ATTRIBUTES = (Weak, ); }; };
		184B021E196F0207000BB925 /* libaudio_processing_sse2.a in Frameworks */ = {isa = PBXBuildFile; fileRef = 184B01D5196F0206000BB925 /* libaudio_processing_sse2.a */; settings = {ATTRIBUTES = (Weak, ); }; };
		184B021F196F0207000BB925 /* libaudio_processing.a in Frameworks */ = {isa = PBXBuildFile; fileRef = 184B01D6196F0206000BB925 /* libaudio_processing.a */; };
		184B0220196F0207000BB925 /* libbitrate_controller.a in Frameworks */ = {isa = PBXBuildFile; fileRef = 184B01D7196F0206000BB925 /* libbitrate_controller.a */; };
		184B0221196F0207000BB925 /* libCNG.a in Frameworks */ = {isa = PBXBuildFile; fileRef = 184B01D8196F0206000BB925 /* libCNG.a */; };
		184B0222196F0207000BB925 /* libcommon_audio_neon.a in Frameworks */ = {isa = PBXBuildFile; fileRef = 184B01D9196F0206000BB925 /* libcommon_audio_neon.a */; settings = {ATTRIBUTES = (Weak, ); }; };
		184B0223196F0207000BB925 /* libcommon_audio_sse2.a in Frameworks */ = {isa = PBXBuildFile; fileRef = 184B01DA196F0206000BB925 /* libcommon_audio_sse2.a */; settings = {ATTRIBUTES = (Weak, ); }; };
		184B0224196F0207000BB925 /* libcommon_audio.a in Frameworks */ = {isa = PBXBuildFile; fileRef = 184B01DB196F0206000BB925 /* libcommon_audio.a */; };
		184B0225196F0207000BB925 /* libcommon_video.a in Frameworks */ = {isa = PBXBuildFile; fileRef = 184B01DC196F0206000BB925 /* libcommon_video.a */; };
		184B0226196F0207000BB925 /* libcrnspr.a in Frameworks */ = {isa = PBXBuildFile; fileRef = 184B01DD196F0206000BB925 /* libcrnspr.a */; };
		184B0227196F0207000BB925 /* libcrnss.a in Frameworks */ = {isa = PBXBuildFile; fileRef = 184B01DE196F0206000BB925 /* libcrnss.a */; };
		184B0228196F0207000BB925 /* libcrnssckbi.a in Frameworks */ = {isa = PBXBuildFile; fileRef = 184B01DF196F0206000BB925 /* libcrnssckbi.a */; };
		184B0229196F0207000BB925 /* libcrssl.a in Frameworks */ = {isa = PBXBuildFile; fileRef = 184B01E0196F0206000BB925 /* libcrssl.a */; };
		184B022A196F0207000BB925 /* libexpat.a in Frameworks */ = {isa = PBXBuildFile; fileRef = 184B01E1196F0206000BB925 /* libexpat.a */; };
		184B022B196F0207000BB925 /* libfield_trial_default.a in Frameworks */ = {isa = PBXBuildFile; fileRef = 184B01E2196F0206000BB925 /* libfield_trial_default.a */; };
		184B022C196F0207000BB925 /* libG711.a in Frameworks */ = {isa = PBXBuildFile; fileRef = 184B01E3196F0206000BB925 /* libG711.a */; };
		184B022D196F0207000BB925 /* libG722.a in Frameworks */ = {isa = PBXBuildFile; fileRef = 184B01E4196F0206000BB925 /* libG722.a */; };
		184B022E196F0207000BB925 /* libicudata.a in Frameworks */ = {isa = PBXBuildFile; fileRef = 184B01E5196F0206000BB925 /* libicudata.a */; };
		184B022F196F0207000BB925 /* libicui18n.a in Frameworks */ = {isa = PBXBuildFile; fileRef = 184B01E6196F0206000BB925 /* libicui18n.a */; };
		184B0230196F0207000BB925 /* libicuuc.a in Frameworks */ = {isa = PBXBuildFile; fileRef = 184B01E7196F0206000BB925 /* libicuuc.a */; };
		184B0231196F0207000BB925 /* libiLBC.a in Frameworks */ = {isa = PBXBuildFile; fileRef = 184B01E8196F0206000BB925 /* libiLBC.a */; };
		184B0232196F0207000BB925 /* libisac_neon.a in Frameworks */ = {isa = PBXBuildFile; fileRef = 184B01E9196F0206000BB925 /* libisac_neon.a */; settings = {ATTRIBUTES = (Weak, ); }; };
		184B0233196F0207000BB925 /* libiSAC.a in Frameworks */ = {isa = PBXBuildFile; fileRef = 184B01EA196F0206000BB925 /* libiSAC.a */; };
		184B0234196F0207000BB925 /* libiSACFix.a in Frameworks */ = {isa = PBXBuildFile; fileRef = 184B01EB196F0206000BB925 /* libiSACFix.a */; };
		184B0235196F0207000BB925 /* libjingle_media.a in Frameworks */ = {isa = PBXBuildFile; fileRef = 184B01EC196F0206000BB925 /* libjingle_media.a */; };
		184B0237196F0207000BB925 /* libjingle_peerconnection_objc.a in Frameworks */ = {isa = PBXBuildFile; fileRef = 184B01EE196F0206000BB925 /* libjingle_peerconnection_objc.a */; };
		184B0238196F0207000BB925 /* libjingle_peerconnection.a in Frameworks */ = {isa = PBXBuildFile; fileRef = 184B01EF196F0206000BB925 /* libjingle_peerconnection.a */; };
		184B0239196F0207000BB925 /* libjingle_sound.a in Frameworks */ = {isa = PBXBuildFile; fileRef = 184B01F0196F0206000BB925 /* libjingle_sound.a */; };
		184B023A196F0207000BB925 /* libjingle.a in Frameworks */ = {isa = PBXBuildFile; fileRef = 184B01F1196F0206000BB925 /* libjingle.a */; };
		184B023B196F0207000BB925 /* libjsoncpp.a in Frameworks */ = {isa = PBXBuildFile; fileRef = 184B01F2196F0206000BB925 /* libjsoncpp.a */; };
		184B023C196F0207000BB925 /* libmedia_file.a in Frameworks */ = {isa = PBXBuildFile; fileRef = 184B01F3196F0206000BB925 /* libmedia_file.a */; };
		184B023D196F0207000BB925 /* libneteq.a in Frameworks */ = {isa = PBXBuildFile; fileRef = 184B01F4196F0206000BB925 /* libneteq.a */; };
		184B023E196F0208000BB925 /* libnss_static.a in Frameworks */ = {isa = PBXBuildFile; fileRef = 184B01F5196F0206000BB925 /* libnss_static.a */; };
		184B023F196F0208000BB925 /* libopus.a in Frameworks */ = {isa = PBXBuildFile; fileRef = 184B01F6196F0206000BB925 /* libopus.a */; };
		184B0240196F0208000BB925 /* libpaced_sender.a in Frameworks */ = {isa = PBXBuildFile; fileRef = 184B01F7196F0206000BB925 /* libpaced_sender.a */; };
		184B0241196F0208000BB925 /* libPCM16B.a in Frameworks */ = {isa = PBXBuildFile; fileRef = 184B01F8196F0206000BB925 /* libPCM16B.a */; };
		184B0242196F0208000BB925 /* librbe_components.a in Frameworks */ = {isa = PBXBuildFile; fileRef = 184B01F9196F0206000BB925 /* librbe_components.a */; };
		184B0243196F0208000BB925 /* libremote_bitrate_estimator.a in Frameworks */ = {isa = PBXBuildFile; fileRef = 184B01FA196F0206000BB925 /* libremote_bitrate_estimator.a */; };
		184B0244196F0208000BB925 /* librtp_rtcp.a in Frameworks */ = {isa = PBXBuildFile; fileRef = 184B01FB196F0206000BB925 /* librtp_rtcp.a */; };
		184B0245196F0208000BB925 /* libsqlite_regexp.a in Frameworks */ = {isa = PBXBuildFile; fileRef = 184B01FC196F0206000BB925 /* libsqlite_regexp.a */; };
		184B0246196F0208000BB925 /* libsrtp.a in Frameworks */ = {isa = PBXBuildFile; fileRef = 184B01FD196F0206000BB925 /* libsrtp.a */; };
		184B0247196F0208000BB925 /* libsystem_wrappers.a in Frameworks */ = {isa = PBXBuildFile; fileRef = 184B01FE196F0206000BB925 /* libsystem_wrappers.a */; };
		184B0248196F0208000BB925 /* libvideo_capture_module.a in Frameworks */ = {isa = PBXBuildFile; fileRef = 184B01FF196F0207000BB925 /* libvideo_capture_module.a */; };
		184B0249196F0208000BB925 /* libvideo_coding_utility.a in Frameworks */ = {isa = PBXBuildFile; fileRef = 184B0200196F0207000BB925 /* libvideo_coding_utility.a */; };
		184B024A196F0208000BB925 /* libvideo_engine_core.a in Frameworks */ = {isa = PBXBuildFile; fileRef = 184B0201196F0207000BB925 /* libvideo_engine_core.a */; };
		184B024B196F0208000BB925 /* libvideo_processing_sse2.a in Frameworks */ = {isa = PBXBuildFile; fileRef = 184B0202196F0207000BB925 /* libvideo_processing_sse2.a */; settings = {ATTRIBUTES = (Weak, ); }; };
		184B024C196F0208000BB925 /* libvideo_processing.a in Frameworks */ = {isa = PBXBuildFile; fileRef = 184B0203196F0207000BB925 /* libvideo_processing.a */; };
		184B024D196F0208000BB925 /* libvideo_render_module.a in Frameworks */ = {isa = PBXBuildFile; fileRef = 184B0204196F0207000BB925 /* libvideo_render_module.a */; };
		184B024E196F0208000BB925 /* libvoice_engine.a in Frameworks */ = {isa = PBXBuildFile; fileRef = 184B0205196F0207000BB925 /* libvoice_engine.a */; };
		184B024F196F0208000BB925 /* libvpx_asm_offsets_vp8.a in Frameworks */ = {isa = PBXBuildFile; fileRef = 184B0206196F0207000BB925 /* libvpx_asm_offsets_vp8.a */; };
		184B0250196F0208000BB925 /* libvpx_asm_offsets_vpx_scale.a in Frameworks */ = {isa = PBXBuildFile; fileRef = 184B0207196F0207000BB925 /* libvpx_asm_offsets_vpx_scale.a */; settings = {ATTRIBUTES = (Weak, ); }; };
		184B0251196F0208000BB925 /* libvpx_intrinsics_mmx.a in Frameworks */ = {isa = PBXBuildFile; fileRef = 184B0208196F0207000BB925 /* libvpx_intrinsics_mmx.a */; settings = {ATTRIBUTES = (Weak, ); }; };
		184B0252196F0208000BB925 /* libvpx_intrinsics_sse2.a in Frameworks */ = {isa = PBXBuildFile; fileRef = 184B0209196F0207000BB925 /* libvpx_intrinsics_sse2.a */; settings = {ATTRIBUTES = (Weak, ); }; };
		184B0253196F0208000BB925 /* libvpx_intrinsics_sse4_1.a in Frameworks */ = {isa = PBXBuildFile; fileRef = 184B020A196F0207000BB925 /* libvpx_intrinsics_sse4_1.a */; settings = {ATTRIBUTES = (Weak, ); }; };
		184B0254196F0208000BB925 /* libvpx_intrinsics_ssse3.a in Frameworks */ = {isa = PBXBuildFile; fileRef = 184B020B196F0207000BB925 /* libvpx_intrinsics_ssse3.a */; settings = {ATTRIBUTES = (Weak, ); }; };
		184B0255196F0208000BB925 /* libvpx.a in Frameworks */ = {isa = PBXBuildFile; fileRef = 184B020C196F0207000BB925 /* libvpx.a */; };
		184B0256196F0208000BB925 /* libwebrtc_base.a in Frameworks */ = {isa = PBXBuildFile; fileRef = 184B020D196F0207000BB925 /* libwebrtc_base.a */; };
		184B0257196F0208000BB925 /* libwebrtc_common.a in Frameworks */ = {isa = PBXBuildFile; fileRef = 184B020E196F0207000BB925 /* libwebrtc_common.a */; };
		184B0258196F0208000BB925 /* libwebrtc_i420.a in Frameworks */ = {isa = PBXBuildFile; fileRef = 184B020F196F0207000BB925 /* libwebrtc_i420.a */; };
		184B0259196F0208000BB925 /* libwebrtc_opus.a in Frameworks */ = {isa = PBXBuildFile; fileRef = 184B0210196F0207000BB925 /* libwebrtc_opus.a */; };
		184B025A196F0208000BB925 /* libwebrtc_utility.a in Frameworks */ = {isa = PBXBuildFile; fileRef = 184B0211196F0207000BB925 /* libwebrtc_utility.a */; };
		184B025B196F0208000BB925 /* libwebrtc_video_coding.a in Frameworks */ = {isa = PBXBuildFile; fileRef = 184B0212196F0207000BB925 /* libwebrtc_video_coding.a */; };
		184B025C196F0208000BB925 /* libwebrtc_vp8.a in Frameworks */ = {isa = PBXBuildFile; fileRef = 184B0213196F0207000BB925 /* libwebrtc_vp8.a */; };
		184B025F196F0209000BB925 /* libwebrtc.a in Frameworks */ = {isa = PBXBuildFile; fileRef = 184B0216196F0207000BB925 /* libwebrtc.a */; };
		184B0260196F0209000BB925 /* libyuv_neon.a in Frameworks */ = {isa = PBXBuildFile; fileRef = 184B0217196F0207000BB925 /* libyuv_neon.a */; };
		184B0261196F0209000BB925 /* libyuv.a in Frameworks */ = {isa = PBXBuildFile; fileRef = 184B0218196F0207000BB925 /* libyuv.a */; };
		184B0264196F20B8000BB925 /* libjingle_p2p_armv7.a in Frameworks */ = {isa = PBXBuildFile; fileRef = 184B0262196F20B8000BB925 /* libjingle_p2p_armv7.a */; settings = {ATTRIBUTES = (Weak, ); }; };
		184B0265196F20B8000BB925 /* libjingle_p2p_x86.a in Frameworks */ = {isa = PBXBuildFile; fileRef = 184B0263196F20B8000BB925 /* libjingle_p2p_x86.a */; settings = {ATTRIBUTES = (Weak, ); }; };
		184B026819707F25000BB925 /* RespokeClient.m in Sources */ = {isa = PBXBuildFile; fileRef = 184B026719707F25000BB925 /* RespokeClient.m */; };
		184B026E19709284000BB925 /* GroupTableViewController.m in Sources */ = {isa = PBXBuildFile; fileRef = 184B026D19709284000BB925 /* GroupTableViewController.m */; };
		184B027B19709AC8000BB925 /* SocketIO.m in Sources */ = {isa = PBXBuildFile; fileRef = 184B027119709AC8000BB925 /* SocketIO.m */; };
		184B027C19709AC8000BB925 /* SocketIOJSONSerialization.m in Sources */ = {isa = PBXBuildFile; fileRef = 184B027319709AC8000BB925 /* SocketIOJSONSerialization.m */; };
		184B027D19709AC8000BB925 /* SocketIOPacket.m in Sources */ = {isa = PBXBuildFile; fileRef = 184B027519709AC8000BB925 /* SocketIOPacket.m */; };
		184B027E19709AC8000BB925 /* SocketIOTransportWebsocket.m in Sources */ = {isa = PBXBuildFile; fileRef = 184B027819709AC8000BB925 /* SocketIOTransportWebsocket.m */; };
		184B027F19709AC8000BB925 /* SocketIOTransportXHR.m in Sources */ = {isa = PBXBuildFile; fileRef = 184B027A19709AC8000BB925 /* SocketIOTransportXHR.m */; };
		184B028819709BDC000BB925 /* base64.c in Sources */ = {isa = PBXBuildFile; fileRef = 184B028119709BDC000BB925 /* base64.c */; };
		184B028919709BDC000BB925 /* NSData+SRB64Additions.m in Sources */ = {isa = PBXBuildFile; fileRef = 184B028419709BDC000BB925 /* NSData+SRB64Additions.m */; };
		184B028A19709BDC000BB925 /* SRWebSocket.m in Sources */ = {isa = PBXBuildFile; fileRef = 184B028719709BDC000BB925 /* SRWebSocket.m */; };
		184B028C19709C56000BB925 /* CFNetwork.framework in Frameworks */ = {isa = PBXBuildFile; fileRef = 184B028B19709C56000BB925 /* CFNetwork.framework */; };
		184B028E19709C66000BB925 /* Security.framework in Frameworks */ = {isa = PBXBuildFile; fileRef = 184B028D19709C66000BB925 /* Security.framework */; };
		184B029019709C87000BB925 /* libicucore.dylib in Frameworks */ = {isa = PBXBuildFile; fileRef = 184B028F19709C87000BB925 /* libicucore.dylib */; };
		184B029C1972E44D000BB925 /* APIGetToken.m in Sources */ = {isa = PBXBuildFile; fileRef = 184B02991972E44D000BB925 /* APIGetToken.m */; };
		184B029D1972E44D000BB925 /* APITransaction.m in Sources */ = {isa = PBXBuildFile; fileRef = 184B029B1972E44D000BB925 /* APITransaction.m */; };
		184B02A01972E46A000BB925 /* APIDoOpen.m in Sources */ = {isa = PBXBuildFile; fileRef = 184B029F1972E46A000BB925 /* APIDoOpen.m */; };
/* End PBXBuildFile section */

/* Begin PBXContainerItemProxy section */
		18068982196613F000BDCD26 /* PBXContainerItemProxy */ = {
			isa = PBXContainerItemProxy;
			containerPortal = 18068951196613F000BDCD26 /* Project object */;
			proxyType = 1;
			remoteGlobalIDString = 18068958196613F000BDCD26;
			remoteInfo = Respoke;
		};
/* End PBXContainerItemProxy section */

/* Begin PBXFileReference section */
		18068959196613F000BDCD26 /* Respoke.app */ = {isa = PBXFileReference; explicitFileType = wrapper.application; includeInIndex = 0; path = Respoke.app; sourceTree = BUILT_PRODUCTS_DIR; };
		1806895C196613F000BDCD26 /* Foundation.framework */ = {isa = PBXFileReference; lastKnownFileType = wrapper.framework; name = Foundation.framework; path = System/Library/Frameworks/Foundation.framework; sourceTree = SDKROOT; };
		1806895E196613F000BDCD26 /* CoreGraphics.framework */ = {isa = PBXFileReference; lastKnownFileType = wrapper.framework; name = CoreGraphics.framework; path = System/Library/Frameworks/CoreGraphics.framework; sourceTree = SDKROOT; };
		18068960196613F000BDCD26 /* UIKit.framework */ = {isa = PBXFileReference; lastKnownFileType = wrapper.framework; name = UIKit.framework; path = System/Library/Frameworks/UIKit.framework; sourceTree = SDKROOT; };
		18068964196613F000BDCD26 /* Respoke-Info.plist */ = {isa = PBXFileReference; lastKnownFileType = text.plist.xml; path = "Respoke-Info.plist"; sourceTree = "<group>"; };
		18068966196613F000BDCD26 /* en */ = {isa = PBXFileReference; lastKnownFileType = text.plist.strings; name = en; path = en.lproj/InfoPlist.strings; sourceTree = "<group>"; };
		18068968196613F000BDCD26 /* main.m */ = {isa = PBXFileReference; lastKnownFileType = sourcecode.c.objc; path = main.m; sourceTree = "<group>"; };
		1806896A196613F000BDCD26 /* Respoke-Prefix.pch */ = {isa = PBXFileReference; lastKnownFileType = sourcecode.c.h; path = "Respoke-Prefix.pch"; sourceTree = "<group>"; };
		1806896B196613F000BDCD26 /* AppDelegate.h */ = {isa = PBXFileReference; lastKnownFileType = sourcecode.c.h; path = AppDelegate.h; sourceTree = "<group>"; };
		1806896C196613F000BDCD26 /* AppDelegate.m */ = {isa = PBXFileReference; lastKnownFileType = sourcecode.c.objc; path = AppDelegate.m; sourceTree = "<group>"; };
		1806896F196613F000BDCD26 /* Base */ = {isa = PBXFileReference; lastKnownFileType = file.storyboard; name = Base; path = Base.lproj/Main_iPhone.storyboard; sourceTree = "<group>"; };
		18068972196613F000BDCD26 /* Base */ = {isa = PBXFileReference; lastKnownFileType = file.storyboard; name = Base; path = Base.lproj/Main_iPad.storyboard; sourceTree = "<group>"; };
		18068974196613F000BDCD26 /* LoginViewController.h */ = {isa = PBXFileReference; lastKnownFileType = sourcecode.c.h; path = LoginViewController.h; sourceTree = "<group>"; };
		18068975196613F000BDCD26 /* LoginViewController.m */ = {isa = PBXFileReference; lastKnownFileType = sourcecode.c.objc; path = LoginViewController.m; sourceTree = "<group>"; };
		18068977196613F000BDCD26 /* Images.xcassets */ = {isa = PBXFileReference; lastKnownFileType = folder.assetcatalog; path = Images.xcassets; sourceTree = "<group>"; };
		1806897D196613F000BDCD26 /* RespokeTests.xctest */ = {isa = PBXFileReference; explicitFileType = wrapper.cfbundle; includeInIndex = 0; path = RespokeTests.xctest; sourceTree = BUILT_PRODUCTS_DIR; };
		1806897E196613F000BDCD26 /* XCTest.framework */ = {isa = PBXFileReference; lastKnownFileType = wrapper.framework; name = XCTest.framework; path = Library/Frameworks/XCTest.framework; sourceTree = DEVELOPER_DIR; };
		18068986196613F000BDCD26 /* RespokeTests-Info.plist */ = {isa = PBXFileReference; lastKnownFileType = text.plist.xml; path = "RespokeTests-Info.plist"; sourceTree = "<group>"; };
		18068988196613F000BDCD26 /* en */ = {isa = PBXFileReference; lastKnownFileType = text.plist.strings; name = en; path = en.lproj/InfoPlist.strings; sourceTree = "<group>"; };
		1806898A196613F000BDCD26 /* RespokeTests.m */ = {isa = PBXFileReference; lastKnownFileType = sourcecode.c.objc; path = RespokeTests.m; sourceTree = "<group>"; };
		180689951966EA1100BDCD26 /* logo_respoke.png */ = {isa = PBXFileReference; lastKnownFileType = image.png; path = logo_respoke.png; sourceTree = "<group>"; };
		184B00E819676680000BB925 /* RTCAudioSource.h */ = {isa = PBXFileReference; fileEncoding = 4; lastKnownFileType = sourcecode.c.h; path = RTCAudioSource.h; sourceTree = "<group>"; };
		184B00E919676680000BB925 /* RTCAudioTrack.h */ = {isa = PBXFileReference; fileEncoding = 4; lastKnownFileType = sourcecode.c.h; path = RTCAudioTrack.h; sourceTree = "<group>"; };
		184B00EA19676680000BB925 /* RTCDataChannel.h */ = {isa = PBXFileReference; fileEncoding = 4; lastKnownFileType = sourcecode.c.h; path = RTCDataChannel.h; sourceTree = "<group>"; };
		184B00EB19676680000BB925 /* RTCEAGLVideoView.h */ = {isa = PBXFileReference; fileEncoding = 4; lastKnownFileType = sourcecode.c.h; path = RTCEAGLVideoView.h; sourceTree = "<group>"; };
		184B00EC19676680000BB925 /* RTCI420Frame.h */ = {isa = PBXFileReference; fileEncoding = 4; lastKnownFileType = sourcecode.c.h; path = RTCI420Frame.h; sourceTree = "<group>"; };
		184B00ED19676680000BB925 /* RTCICECandidate.h */ = {isa = PBXFileReference; fileEncoding = 4; lastKnownFileType = sourcecode.c.h; path = RTCICECandidate.h; sourceTree = "<group>"; };
		184B00EE19676680000BB925 /* RTCICEServer.h */ = {isa = PBXFileReference; fileEncoding = 4; lastKnownFileType = sourcecode.c.h; path = RTCICEServer.h; sourceTree = "<group>"; };
		184B00EF19676680000BB925 /* RTCMediaConstraints.h */ = {isa = PBXFileReference; fileEncoding = 4; lastKnownFileType = sourcecode.c.h; path = RTCMediaConstraints.h; sourceTree = "<group>"; };
		184B00F019676680000BB925 /* RTCMediaSource.h */ = {isa = PBXFileReference; fileEncoding = 4; lastKnownFileType = sourcecode.c.h; path = RTCMediaSource.h; sourceTree = "<group>"; };
		184B00F119676680000BB925 /* RTCMediaStream.h */ = {isa = PBXFileReference; fileEncoding = 4; lastKnownFileType = sourcecode.c.h; path = RTCMediaStream.h; sourceTree = "<group>"; };
		184B00F219676680000BB925 /* RTCMediaStreamTrack.h */ = {isa = PBXFileReference; fileEncoding = 4; lastKnownFileType = sourcecode.c.h; path = RTCMediaStreamTrack.h; sourceTree = "<group>"; };
		184B00F319676680000BB925 /* RTCNSGLVideoView.h */ = {isa = PBXFileReference; fileEncoding = 4; lastKnownFileType = sourcecode.c.h; path = RTCNSGLVideoView.h; sourceTree = "<group>"; };
		184B00F419676680000BB925 /* RTCOpenGLVideoRenderer.h */ = {isa = PBXFileReference; fileEncoding = 4; lastKnownFileType = sourcecode.c.h; path = RTCOpenGLVideoRenderer.h; sourceTree = "<group>"; };
		184B00F519676680000BB925 /* RTCPair.h */ = {isa = PBXFileReference; fileEncoding = 4; lastKnownFileType = sourcecode.c.h; path = RTCPair.h; sourceTree = "<group>"; };
		184B00F619676680000BB925 /* RTCPeerConnection.h */ = {isa = PBXFileReference; fileEncoding = 4; lastKnownFileType = sourcecode.c.h; path = RTCPeerConnection.h; sourceTree = "<group>"; };
		184B00F719676680000BB925 /* RTCPeerConnectionDelegate.h */ = {isa = PBXFileReference; fileEncoding = 4; lastKnownFileType = sourcecode.c.h; path = RTCPeerConnectionDelegate.h; sourceTree = "<group>"; };
		184B00F819676680000BB925 /* RTCPeerConnectionFactory.h */ = {isa = PBXFileReference; fileEncoding = 4; lastKnownFileType = sourcecode.c.h; path = RTCPeerConnectionFactory.h; sourceTree = "<group>"; };
		184B00F919676680000BB925 /* RTCSessionDescription.h */ = {isa = PBXFileReference; fileEncoding = 4; lastKnownFileType = sourcecode.c.h; path = RTCSessionDescription.h; sourceTree = "<group>"; };
		184B00FA19676680000BB925 /* RTCSessionDescriptionDelegate.h */ = {isa = PBXFileReference; fileEncoding = 4; lastKnownFileType = sourcecode.c.h; path = RTCSessionDescriptionDelegate.h; sourceTree = "<group>"; };
		184B00FB19676680000BB925 /* RTCStatsDelegate.h */ = {isa = PBXFileReference; fileEncoding = 4; lastKnownFileType = sourcecode.c.h; path = RTCStatsDelegate.h; sourceTree = "<group>"; };
		184B00FC19676680000BB925 /* RTCStatsReport.h */ = {isa = PBXFileReference; fileEncoding = 4; lastKnownFileType = sourcecode.c.h; path = RTCStatsReport.h; sourceTree = "<group>"; };
		184B00FD19676680000BB925 /* RTCTypes.h */ = {isa = PBXFileReference; fileEncoding = 4; lastKnownFileType = sourcecode.c.h; path = RTCTypes.h; sourceTree = "<group>"; };
		184B00FE19676680000BB925 /* RTCVideoCapturer.h */ = {isa = PBXFileReference; fileEncoding = 4; lastKnownFileType = sourcecode.c.h; path = RTCVideoCapturer.h; sourceTree = "<group>"; };
		184B00FF19676680000BB925 /* RTCVideoRenderer.h */ = {isa = PBXFileReference; fileEncoding = 4; lastKnownFileType = sourcecode.c.h; path = RTCVideoRenderer.h; sourceTree = "<group>"; };
		184B010019676680000BB925 /* RTCVideoSource.h */ = {isa = PBXFileReference; fileEncoding = 4; lastKnownFileType = sourcecode.c.h; path = RTCVideoSource.h; sourceTree = "<group>"; };
		184B010119676680000BB925 /* RTCVideoTrack.h */ = {isa = PBXFileReference; fileEncoding = 4; lastKnownFileType = sourcecode.c.h; path = RTCVideoTrack.h; sourceTree = "<group>"; };
		184B0188196B097F000BB925 /* Respoke.h */ = {isa = PBXFileReference; fileEncoding = 4; lastKnownFileType = sourcecode.c.h; path = Respoke.h; sourceTree = "<group>"; };
		184B0189196B097F000BB925 /* Respoke.m */ = {isa = PBXFileReference; fileEncoding = 4; lastKnownFileType = sourcecode.c.objc; path = Respoke.m; sourceTree = "<group>"; };
		184B018B196B09B7000BB925 /* RespokeWebRTCManager.h */ = {isa = PBXFileReference; fileEncoding = 4; lastKnownFileType = sourcecode.c.h; path = RespokeWebRTCManager.h; sourceTree = "<group>"; };
		184B018C196B09B7000BB925 /* RespokeWebRTCManager.m */ = {isa = PBXFileReference; fileEncoding = 4; lastKnownFileType = sourcecode.c.objc; path = RespokeWebRTCManager.m; sourceTree = "<group>"; };
		184B018E196B0A84000BB925 /* APPRTCAppClient.h */ = {isa = PBXFileReference; fileEncoding = 4; lastKnownFileType = sourcecode.c.h; path = APPRTCAppClient.h; sourceTree = "<group>"; };
		184B018F196B0A84000BB925 /* APPRTCAppClient.m */ = {isa = PBXFileReference; fileEncoding = 4; lastKnownFileType = sourcecode.c.objc; path = APPRTCAppClient.m; sourceTree = "<group>"; };
		184B0190196B0A84000BB925 /* APPRTCConnectionManager.h */ = {isa = PBXFileReference; fileEncoding = 4; lastKnownFileType = sourcecode.c.h; path = APPRTCConnectionManager.h; sourceTree = "<group>"; };
		184B0191196B0A84000BB925 /* APPRTCConnectionManager.m */ = {isa = PBXFileReference; fileEncoding = 4; lastKnownFileType = sourcecode.c.objc; path = APPRTCConnectionManager.m; sourceTree = "<group>"; };
		184B0192196B0A84000BB925 /* channel.html */ = {isa = PBXFileReference; fileEncoding = 4; lastKnownFileType = text.html; path = channel.html; sourceTree = "<group>"; };
		184B0193196B0A84000BB925 /* GAEChannelClient.h */ = {isa = PBXFileReference; fileEncoding = 4; lastKnownFileType = sourcecode.c.h; path = GAEChannelClient.h; sourceTree = "<group>"; };
		184B0194196B0A84000BB925 /* GAEChannelClient.m */ = {isa = PBXFileReference; fileEncoding = 4; lastKnownFileType = sourcecode.c.objc; path = GAEChannelClient.m; sourceTree = "<group>"; };
		184B0199196B0B29000BB925 /* libsqlite3.dylib */ = {isa = PBXFileReference; lastKnownFileType = "compiled.mach-o.dylib"; name = libsqlite3.dylib; path = usr/lib/libsqlite3.dylib; sourceTree = SDKROOT; };
		184B019B196B0C2F000BB925 /* libstdc++.dylib */ = {isa = PBXFileReference; lastKnownFileType = "compiled.mach-o.dylib"; name = "libstdc++.dylib"; path = "usr/lib/libstdc++.dylib"; sourceTree = SDKROOT; };
		184B019D196B0CDA000BB925 /* OpenGLES.framework */ = {isa = PBXFileReference; lastKnownFileType = wrapper.framework; name = OpenGLES.framework; path = System/Library/Frameworks/OpenGLES.framework; sourceTree = SDKROOT; };
		184B019E196B0CDA000BB925 /* QuartzCore.framework */ = {isa = PBXFileReference; lastKnownFileType = wrapper.framework; name = QuartzCore.framework; path = System/Library/Frameworks/QuartzCore.framework; sourceTree = SDKROOT; };
		184B01A1196B0CFB000BB925 /* AudioToolbox.framework */ = {isa = PBXFileReference; lastKnownFileType = wrapper.framework; name = AudioToolbox.framework; path = System/Library/Frameworks/AudioToolbox.framework; sourceTree = SDKROOT; };
		184B01A2196B0CFB000BB925 /* AVFoundation.framework */ = {isa = PBXFileReference; lastKnownFileType = wrapper.framework; name = AVFoundation.framework; path = System/Library/Frameworks/AVFoundation.framework; sourceTree = SDKROOT; };
		184B01A3196B0CFB000BB925 /* CoreAudio.framework */ = {isa = PBXFileReference; lastKnownFileType = wrapper.framework; name = CoreAudio.framework; path = System/Library/Frameworks/CoreAudio.framework; sourceTree = SDKROOT; };
		184B01A4196B0CFB000BB925 /* CoreMedia.framework */ = {isa = PBXFileReference; lastKnownFileType = wrapper.framework; name = CoreMedia.framework; path = System/Library/Frameworks/CoreMedia.framework; sourceTree = SDKROOT; };
		184B01A5196B0CFB000BB925 /* CoreVideo.framework */ = {isa = PBXFileReference; lastKnownFileType = wrapper.framework; name = CoreVideo.framework; path = System/Library/Frameworks/CoreVideo.framework; sourceTree = SDKROOT; };
		184B01AB196B1156000BB925 /* libstdc++.6.dylib */ = {isa = PBXFileReference; lastKnownFileType = "compiled.mach-o.dylib"; name = "libstdc++.6.dylib"; path = "usr/lib/libstdc++.6.dylib"; sourceTree = SDKROOT; };
		184B01CB196D9399000BB925 /* CallViewController.h */ = {isa = PBXFileReference; fileEncoding = 4; lastKnownFileType = sourcecode.c.h; path = CallViewController.h; sourceTree = "<group>"; };
		184B01CC196D9399000BB925 /* CallViewController.m */ = {isa = PBXFileReference; fileEncoding = 4; lastKnownFileType = sourcecode.c.objc; path = CallViewController.m; sourceTree = "<group>"; };
		184B01CE196DC79E000BB925 /* GLKit.framework */ = {isa = PBXFileReference; lastKnownFileType = wrapper.framework; name = GLKit.framework; path = System/Library/Frameworks/GLKit.framework; sourceTree = SDKROOT; };
		184B01D0196F0206000BB925 /* lib_core_neon_offsets.a */ = {isa = PBXFileReference; lastKnownFileType = archive.ar; path = lib_core_neon_offsets.a; sourceTree = "<group>"; };
		184B01D1196F0206000BB925 /* libaudio_coding_module.a */ = {isa = PBXFileReference; lastKnownFileType = archive.ar; path = libaudio_coding_module.a; sourceTree = "<group>"; };
		184B01D2196F0206000BB925 /* libaudio_conference_mixer.a */ = {isa = PBXFileReference; lastKnownFileType = archive.ar; path = libaudio_conference_mixer.a; sourceTree = "<group>"; };
		184B01D3196F0206000BB925 /* libaudio_device.a */ = {isa = PBXFileReference; lastKnownFileType = archive.ar; path = libaudio_device.a; sourceTree = "<group>"; };
		184B01D4196F0206000BB925 /* libaudio_processing_neon.a */ = {isa = PBXFileReference; lastKnownFileType = archive.ar; path = libaudio_processing_neon.a; sourceTree = "<group>"; };
		184B01D5196F0206000BB925 /* libaudio_processing_sse2.a */ = {isa = PBXFileReference; lastKnownFileType = archive.ar; path = libaudio_processing_sse2.a; sourceTree = "<group>"; };
		184B01D6196F0206000BB925 /* libaudio_processing.a */ = {isa = PBXFileReference; lastKnownFileType = archive.ar; path = libaudio_processing.a; sourceTree = "<group>"; };
		184B01D7196F0206000BB925 /* libbitrate_controller.a */ = {isa = PBXFileReference; lastKnownFileType = archive.ar; path = libbitrate_controller.a; sourceTree = "<group>"; };
		184B01D8196F0206000BB925 /* libCNG.a */ = {isa = PBXFileReference; lastKnownFileType = archive.ar; path = libCNG.a; sourceTree = "<group>"; };
		184B01D9196F0206000BB925 /* libcommon_audio_neon.a */ = {isa = PBXFileReference; lastKnownFileType = archive.ar; path = libcommon_audio_neon.a; sourceTree = "<group>"; };
		184B01DA196F0206000BB925 /* libcommon_audio_sse2.a */ = {isa = PBXFileReference; lastKnownFileType = archive.ar; path = libcommon_audio_sse2.a; sourceTree = "<group>"; };
		184B01DB196F0206000BB925 /* libcommon_audio.a */ = {isa = PBXFileReference; lastKnownFileType = archive.ar; path = libcommon_audio.a; sourceTree = "<group>"; };
		184B01DC196F0206000BB925 /* libcommon_video.a */ = {isa = PBXFileReference; lastKnownFileType = archive.ar; path = libcommon_video.a; sourceTree = "<group>"; };
		184B01DD196F0206000BB925 /* libcrnspr.a */ = {isa = PBXFileReference; lastKnownFileType = archive.ar; path = libcrnspr.a; sourceTree = "<group>"; };
		184B01DE196F0206000BB925 /* libcrnss.a */ = {isa = PBXFileReference; lastKnownFileType = archive.ar; path = libcrnss.a; sourceTree = "<group>"; };
		184B01DF196F0206000BB925 /* libcrnssckbi.a */ = {isa = PBXFileReference; lastKnownFileType = archive.ar; path = libcrnssckbi.a; sourceTree = "<group>"; };
		184B01E0196F0206000BB925 /* libcrssl.a */ = {isa = PBXFileReference; lastKnownFileType = archive.ar; path = libcrssl.a; sourceTree = "<group>"; };
		184B01E1196F0206000BB925 /* libexpat.a */ = {isa = PBXFileReference; lastKnownFileType = archive.ar; path = libexpat.a; sourceTree = "<group>"; };
		184B01E2196F0206000BB925 /* libfield_trial_default.a */ = {isa = PBXFileReference; lastKnownFileType = archive.ar; path = libfield_trial_default.a; sourceTree = "<group>"; };
		184B01E3196F0206000BB925 /* libG711.a */ = {isa = PBXFileReference; lastKnownFileType = archive.ar; path = libG711.a; sourceTree = "<group>"; };
		184B01E4196F0206000BB925 /* libG722.a */ = {isa = PBXFileReference; lastKnownFileType = archive.ar; path = libG722.a; sourceTree = "<group>"; };
		184B01E5196F0206000BB925 /* libicudata.a */ = {isa = PBXFileReference; lastKnownFileType = archive.ar; path = libicudata.a; sourceTree = "<group>"; };
		184B01E6196F0206000BB925 /* libicui18n.a */ = {isa = PBXFileReference; lastKnownFileType = archive.ar; path = libicui18n.a; sourceTree = "<group>"; };
		184B01E7196F0206000BB925 /* libicuuc.a */ = {isa = PBXFileReference; lastKnownFileType = archive.ar; path = libicuuc.a; sourceTree = "<group>"; };
		184B01E8196F0206000BB925 /* libiLBC.a */ = {isa = PBXFileReference; lastKnownFileType = archive.ar; path = libiLBC.a; sourceTree = "<group>"; };
		184B01E9196F0206000BB925 /* libisac_neon.a */ = {isa = PBXFileReference; lastKnownFileType = archive.ar; path = libisac_neon.a; sourceTree = "<group>"; };
		184B01EA196F0206000BB925 /* libiSAC.a */ = {isa = PBXFileReference; lastKnownFileType = archive.ar; path = libiSAC.a; sourceTree = "<group>"; };
		184B01EB196F0206000BB925 /* libiSACFix.a */ = {isa = PBXFileReference; lastKnownFileType = archive.ar; path = libiSACFix.a; sourceTree = "<group>"; };
		184B01EC196F0206000BB925 /* libjingle_media.a */ = {isa = PBXFileReference; lastKnownFileType = archive.ar; path = libjingle_media.a; sourceTree = "<group>"; };
		184B01EE196F0206000BB925 /* libjingle_peerconnection_objc.a */ = {isa = PBXFileReference; lastKnownFileType = archive.ar; path = libjingle_peerconnection_objc.a; sourceTree = "<group>"; };
		184B01EF196F0206000BB925 /* libjingle_peerconnection.a */ = {isa = PBXFileReference; lastKnownFileType = archive.ar; path = libjingle_peerconnection.a; sourceTree = "<group>"; };
		184B01F0196F0206000BB925 /* libjingle_sound.a */ = {isa = PBXFileReference; lastKnownFileType = archive.ar; path = libjingle_sound.a; sourceTree = "<group>"; };
		184B01F1196F0206000BB925 /* libjingle.a */ = {isa = PBXFileReference; lastKnownFileType = archive.ar; path = libjingle.a; sourceTree = "<group>"; };
		184B01F2196F0206000BB925 /* libjsoncpp.a */ = {isa = PBXFileReference; lastKnownFileType = archive.ar; path = libjsoncpp.a; sourceTree = "<group>"; };
		184B01F3196F0206000BB925 /* libmedia_file.a */ = {isa = PBXFileReference; lastKnownFileType = archive.ar; path = libmedia_file.a; sourceTree = "<group>"; };
		184B01F4196F0206000BB925 /* libneteq.a */ = {isa = PBXFileReference; lastKnownFileType = archive.ar; path = libneteq.a; sourceTree = "<group>"; };
		184B01F5196F0206000BB925 /* libnss_static.a */ = {isa = PBXFileReference; lastKnownFileType = archive.ar; path = libnss_static.a; sourceTree = "<group>"; };
		184B01F6196F0206000BB925 /* libopus.a */ = {isa = PBXFileReference; lastKnownFileType = archive.ar; path = libopus.a; sourceTree = "<group>"; };
		184B01F7196F0206000BB925 /* libpaced_sender.a */ = {isa = PBXFileReference; lastKnownFileType = archive.ar; path = libpaced_sender.a; sourceTree = "<group>"; };
		184B01F8196F0206000BB925 /* libPCM16B.a */ = {isa = PBXFileReference; lastKnownFileType = archive.ar; path = libPCM16B.a; sourceTree = "<group>"; };
		184B01F9196F0206000BB925 /* librbe_components.a */ = {isa = PBXFileReference; lastKnownFileType = archive.ar; path = librbe_components.a; sourceTree = "<group>"; };
		184B01FA196F0206000BB925 /* libremote_bitrate_estimator.a */ = {isa = PBXFileReference; lastKnownFileType = archive.ar; path = libremote_bitrate_estimator.a; sourceTree = "<group>"; };
		184B01FB196F0206000BB925 /* librtp_rtcp.a */ = {isa = PBXFileReference; lastKnownFileType = archive.ar; path = librtp_rtcp.a; sourceTree = "<group>"; };
		184B01FC196F0206000BB925 /* libsqlite_regexp.a */ = {isa = PBXFileReference; lastKnownFileType = archive.ar; path = libsqlite_regexp.a; sourceTree = "<group>"; };
		184B01FD196F0206000BB925 /* libsrtp.a */ = {isa = PBXFileReference; lastKnownFileType = archive.ar; path = libsrtp.a; sourceTree = "<group>"; };
		184B01FE196F0206000BB925 /* libsystem_wrappers.a */ = {isa = PBXFileReference; lastKnownFileType = archive.ar; path = libsystem_wrappers.a; sourceTree = "<group>"; };
		184B01FF196F0207000BB925 /* libvideo_capture_module.a */ = {isa = PBXFileReference; lastKnownFileType = archive.ar; path = libvideo_capture_module.a; sourceTree = "<group>"; };
		184B0200196F0207000BB925 /* libvideo_coding_utility.a */ = {isa = PBXFileReference; lastKnownFileType = archive.ar; path = libvideo_coding_utility.a; sourceTree = "<group>"; };
		184B0201196F0207000BB925 /* libvideo_engine_core.a */ = {isa = PBXFileReference; lastKnownFileType = archive.ar; path = libvideo_engine_core.a; sourceTree = "<group>"; };
		184B0202196F0207000BB925 /* libvideo_processing_sse2.a */ = {isa = PBXFileReference; lastKnownFileType = archive.ar; path = libvideo_processing_sse2.a; sourceTree = "<group>"; };
		184B0203196F0207000BB925 /* libvideo_processing.a */ = {isa = PBXFileReference; lastKnownFileType = archive.ar; path = libvideo_processing.a; sourceTree = "<group>"; };
		184B0204196F0207000BB925 /* libvideo_render_module.a */ = {isa = PBXFileReference; lastKnownFileType = archive.ar; path = libvideo_render_module.a; sourceTree = "<group>"; };
		184B0205196F0207000BB925 /* libvoice_engine.a */ = {isa = PBXFileReference; lastKnownFileType = archive.ar; path = libvoice_engine.a; sourceTree = "<group>"; };
		184B0206196F0207000BB925 /* libvpx_asm_offsets_vp8.a */ = {isa = PBXFileReference; lastKnownFileType = archive.ar; path = libvpx_asm_offsets_vp8.a; sourceTree = "<group>"; };
		184B0207196F0207000BB925 /* libvpx_asm_offsets_vpx_scale.a */ = {isa = PBXFileReference; lastKnownFileType = archive.ar; path = libvpx_asm_offsets_vpx_scale.a; sourceTree = "<group>"; };
		184B0208196F0207000BB925 /* libvpx_intrinsics_mmx.a */ = {isa = PBXFileReference; lastKnownFileType = archive.ar; path = libvpx_intrinsics_mmx.a; sourceTree = "<group>"; };
		184B0209196F0207000BB925 /* libvpx_intrinsics_sse2.a */ = {isa = PBXFileReference; lastKnownFileType = archive.ar; path = libvpx_intrinsics_sse2.a; sourceTree = "<group>"; };
		184B020A196F0207000BB925 /* libvpx_intrinsics_sse4_1.a */ = {isa = PBXFileReference; lastKnownFileType = archive.ar; path = libvpx_intrinsics_sse4_1.a; sourceTree = "<group>"; };
		184B020B196F0207000BB925 /* libvpx_intrinsics_ssse3.a */ = {isa = PBXFileReference; lastKnownFileType = archive.ar; path = libvpx_intrinsics_ssse3.a; sourceTree = "<group>"; };
		184B020C196F0207000BB925 /* libvpx.a */ = {isa = PBXFileReference; lastKnownFileType = archive.ar; path = libvpx.a; sourceTree = "<group>"; };
		184B020D196F0207000BB925 /* libwebrtc_base.a */ = {isa = PBXFileReference; lastKnownFileType = archive.ar; path = libwebrtc_base.a; sourceTree = "<group>"; };
		184B020E196F0207000BB925 /* libwebrtc_common.a */ = {isa = PBXFileReference; lastKnownFileType = archive.ar; path = libwebrtc_common.a; sourceTree = "<group>"; };
		184B020F196F0207000BB925 /* libwebrtc_i420.a */ = {isa = PBXFileReference; lastKnownFileType = archive.ar; path = libwebrtc_i420.a; sourceTree = "<group>"; };
		184B0210196F0207000BB925 /* libwebrtc_opus.a */ = {isa = PBXFileReference; lastKnownFileType = archive.ar; path = libwebrtc_opus.a; sourceTree = "<group>"; };
		184B0211196F0207000BB925 /* libwebrtc_utility.a */ = {isa = PBXFileReference; lastKnownFileType = archive.ar; path = libwebrtc_utility.a; sourceTree = "<group>"; };
		184B0212196F0207000BB925 /* libwebrtc_video_coding.a */ = {isa = PBXFileReference; lastKnownFileType = archive.ar; path = libwebrtc_video_coding.a; sourceTree = "<group>"; };
		184B0213196F0207000BB925 /* libwebrtc_vp8.a */ = {isa = PBXFileReference; lastKnownFileType = archive.ar; path = libwebrtc_vp8.a; sourceTree = "<group>"; };
		184B0216196F0207000BB925 /* libwebrtc.a */ = {isa = PBXFileReference; lastKnownFileType = archive.ar; path = libwebrtc.a; sourceTree = "<group>"; };
		184B0217196F0207000BB925 /* libyuv_neon.a */ = {isa = PBXFileReference; lastKnownFileType = archive.ar; path = libyuv_neon.a; sourceTree = "<group>"; };
		184B0218196F0207000BB925 /* libyuv.a */ = {isa = PBXFileReference; lastKnownFileType = archive.ar; path = libyuv.a; sourceTree = "<group>"; };
		184B0262196F20B8000BB925 /* libjingle_p2p_armv7.a */ = {isa = PBXFileReference; lastKnownFileType = archive.ar; path = libjingle_p2p_armv7.a; sourceTree = "<group>"; };
		184B0263196F20B8000BB925 /* libjingle_p2p_x86.a */ = {isa = PBXFileReference; lastKnownFileType = archive.ar; path = libjingle_p2p_x86.a; sourceTree = "<group>"; };
		184B026619707F25000BB925 /* RespokeClient.h */ = {isa = PBXFileReference; fileEncoding = 4; lastKnownFileType = sourcecode.c.h; path = RespokeClient.h; sourceTree = "<group>"; };
		184B026719707F25000BB925 /* RespokeClient.m */ = {isa = PBXFileReference; fileEncoding = 4; lastKnownFileType = sourcecode.c.objc; path = RespokeClient.m; sourceTree = "<group>"; };
		184B026C19709284000BB925 /* GroupTableViewController.h */ = {isa = PBXFileReference; fileEncoding = 4; lastKnownFileType = sourcecode.c.h; path = GroupTableViewController.h; sourceTree = "<group>"; };
		184B026D19709284000BB925 /* GroupTableViewController.m */ = {isa = PBXFileReference; fileEncoding = 4; lastKnownFileType = sourcecode.c.objc; path = GroupTableViewController.m; sourceTree = "<group>"; };
		184B027019709AC8000BB925 /* SocketIO.h */ = {isa = PBXFileReference; fileEncoding = 4; lastKnownFileType = sourcecode.c.h; name = SocketIO.h; path = socketIOobjc/SocketIO.h; sourceTree = SOURCE_ROOT; };
		184B027119709AC8000BB925 /* SocketIO.m */ = {isa = PBXFileReference; fileEncoding = 4; lastKnownFileType = sourcecode.c.objc; name = SocketIO.m; path = socketIOobjc/SocketIO.m; sourceTree = SOURCE_ROOT; };
		184B027219709AC8000BB925 /* SocketIOJSONSerialization.h */ = {isa = PBXFileReference; fileEncoding = 4; lastKnownFileType = sourcecode.c.h; name = SocketIOJSONSerialization.h; path = socketIOobjc/SocketIOJSONSerialization.h; sourceTree = SOURCE_ROOT; };
		184B027319709AC8000BB925 /* SocketIOJSONSerialization.m */ = {isa = PBXFileReference; fileEncoding = 4; lastKnownFileType = sourcecode.c.objc; name = SocketIOJSONSerialization.m; path = socketIOobjc/SocketIOJSONSerialization.m; sourceTree = SOURCE_ROOT; };
		184B027419709AC8000BB925 /* SocketIOPacket.h */ = {isa = PBXFileReference; fileEncoding = 4; lastKnownFileType = sourcecode.c.h; name = SocketIOPacket.h; path = socketIOobjc/SocketIOPacket.h; sourceTree = SOURCE_ROOT; };
		184B027519709AC8000BB925 /* SocketIOPacket.m */ = {isa = PBXFileReference; fileEncoding = 4; lastKnownFileType = sourcecode.c.objc; name = SocketIOPacket.m; path = socketIOobjc/SocketIOPacket.m; sourceTree = SOURCE_ROOT; };
		184B027619709AC8000BB925 /* SocketIOTransport.h */ = {isa = PBXFileReference; fileEncoding = 4; lastKnownFileType = sourcecode.c.h; name = SocketIOTransport.h; path = socketIOobjc/SocketIOTransport.h; sourceTree = SOURCE_ROOT; };
		184B027719709AC8000BB925 /* SocketIOTransportWebsocket.h */ = {isa = PBXFileReference; fileEncoding = 4; lastKnownFileType = sourcecode.c.h; name = SocketIOTransportWebsocket.h; path = socketIOobjc/SocketIOTransportWebsocket.h; sourceTree = SOURCE_ROOT; };
		184B027819709AC8000BB925 /* SocketIOTransportWebsocket.m */ = {isa = PBXFileReference; fileEncoding = 4; lastKnownFileType = sourcecode.c.objc; name = SocketIOTransportWebsocket.m; path = socketIOobjc/SocketIOTransportWebsocket.m; sourceTree = SOURCE_ROOT; };
		184B027919709AC8000BB925 /* SocketIOTransportXHR.h */ = {isa = PBXFileReference; fileEncoding = 4; lastKnownFileType = sourcecode.c.h; name = SocketIOTransportXHR.h; path = socketIOobjc/SocketIOTransportXHR.h; sourceTree = SOURCE_ROOT; };
		184B027A19709AC8000BB925 /* SocketIOTransportXHR.m */ = {isa = PBXFileReference; fileEncoding = 4; lastKnownFileType = sourcecode.c.objc; name = SocketIOTransportXHR.m; path = socketIOobjc/SocketIOTransportXHR.m; sourceTree = SOURCE_ROOT; };
		184B028119709BDC000BB925 /* base64.c */ = {isa = PBXFileReference; fileEncoding = 4; lastKnownFileType = sourcecode.c.c; path = base64.c; sourceTree = "<group>"; };
		184B028219709BDC000BB925 /* base64.h */ = {isa = PBXFileReference; fileEncoding = 4; lastKnownFileType = sourcecode.c.h; path = base64.h; sourceTree = "<group>"; };
		184B028319709BDC000BB925 /* NSData+SRB64Additions.h */ = {isa = PBXFileReference; fileEncoding = 4; lastKnownFileType = sourcecode.c.h; path = "NSData+SRB64Additions.h"; sourceTree = "<group>"; };
		184B028419709BDC000BB925 /* NSData+SRB64Additions.m */ = {isa = PBXFileReference; fileEncoding = 4; lastKnownFileType = sourcecode.c.objc; path = "NSData+SRB64Additions.m"; sourceTree = "<group>"; };
		184B028519709BDC000BB925 /* SocketRocket-Prefix.pch */ = {isa = PBXFileReference; fileEncoding = 4; lastKnownFileType = sourcecode.c.h; path = "SocketRocket-Prefix.pch"; sourceTree = "<group>"; };
		184B028619709BDC000BB925 /* SRWebSocket.h */ = {isa = PBXFileReference; fileEncoding = 4; lastKnownFileType = sourcecode.c.h; path = SRWebSocket.h; sourceTree = "<group>"; };
		184B028719709BDC000BB925 /* SRWebSocket.m */ = {isa = PBXFileReference; fileEncoding = 4; lastKnownFileType = sourcecode.c.objc; path = SRWebSocket.m; sourceTree = "<group>"; };
		184B028B19709C56000BB925 /* CFNetwork.framework */ = {isa = PBXFileReference; lastKnownFileType = wrapper.framework; name = CFNetwork.framework; path = System/Library/Frameworks/CFNetwork.framework; sourceTree = SDKROOT; };
		184B028D19709C66000BB925 /* Security.framework */ = {isa = PBXFileReference; lastKnownFileType = wrapper.framework; name = Security.framework; path = System/Library/Frameworks/Security.framework; sourceTree = SDKROOT; };
		184B028F19709C87000BB925 /* libicucore.dylib */ = {isa = PBXFileReference; lastKnownFileType = "compiled.mach-o.dylib"; name = libicucore.dylib; path = usr/lib/libicucore.dylib; sourceTree = SDKROOT; };
		184B02981972E44D000BB925 /* APIGetToken.h */ = {isa = PBXFileReference; fileEncoding = 4; lastKnownFileType = sourcecode.c.h; path = APIGetToken.h; sourceTree = "<group>"; };
		184B02991972E44D000BB925 /* APIGetToken.m */ = {isa = PBXFileReference; fileEncoding = 4; lastKnownFileType = sourcecode.c.objc; path = APIGetToken.m; sourceTree = "<group>"; };
		184B029A1972E44D000BB925 /* APITransaction.h */ = {isa = PBXFileReference; fileEncoding = 4; lastKnownFileType = sourcecode.c.h; path = APITransaction.h; sourceTree = "<group>"; };
		184B029B1972E44D000BB925 /* APITransaction.m */ = {isa = PBXFileReference; fileEncoding = 4; lastKnownFileType = sourcecode.c.objc; path = APITransaction.m; sourceTree = "<group>"; };
		184B029E1972E46A000BB925 /* APIDoOpen.h */ = {isa = PBXFileReference; fileEncoding = 4; lastKnownFileType = sourcecode.c.h; path = APIDoOpen.h; sourceTree = "<group>"; };
		184B029F1972E46A000BB925 /* APIDoOpen.m */ = {isa = PBXFileReference; fileEncoding = 4; lastKnownFileType = sourcecode.c.objc; path = APIDoOpen.m; sourceTree = "<group>"; };
/* End PBXFileReference section */

/* Begin PBXFrameworksBuildPhase section */
		18068956196613F000BDCD26 /* Frameworks */ = {
			isa = PBXFrameworksBuildPhase;
			buildActionMask = 2147483647;
			files = (
				184B029019709C87000BB925 /* libicucore.dylib in Frameworks */,
				184B028E19709C66000BB925 /* Security.framework in Frameworks */,
				184B028C19709C56000BB925 /* CFNetwork.framework in Frameworks */,
				184B0261196F0209000BB925 /* libyuv.a in Frameworks */,
				184B01CF196DC79E000BB925 /* GLKit.framework in Frameworks */,
				184B022B196F0207000BB925 /* libfield_trial_default.a in Frameworks */,
				184B0265196F20B8000BB925 /* libjingle_p2p_x86.a in Frameworks */,
				184B023F196F0208000BB925 /* libopus.a in Frameworks */,
				184B0258196F0208000BB925 /* libwebrtc_i420.a in Frameworks */,
				184B025C196F0208000BB925 /* libwebrtc_vp8.a in Frameworks */,
				184B023A196F0207000BB925 /* libjingle.a in Frameworks */,
				184B021F196F0207000BB925 /* libaudio_processing.a in Frameworks */,
				184B01AC196B1156000BB925 /* libstdc++.6.dylib in Frameworks */,
				184B01A6196B0CFB000BB925 /* AudioToolbox.framework in Frameworks */,
				184B01A7196B0CFB000BB925 /* AVFoundation.framework in Frameworks */,
				184B01A8196B0CFB000BB925 /* CoreAudio.framework in Frameworks */,
				184B01A9196B0CFB000BB925 /* CoreMedia.framework in Frameworks */,
				184B021A196F0207000BB925 /* libaudio_coding_module.a in Frameworks */,
				184B0220196F0207000BB925 /* libbitrate_controller.a in Frameworks */,
				184B0244196F0208000BB925 /* librtp_rtcp.a in Frameworks */,
				184B021D196F0207000BB925 /* libaudio_processing_neon.a in Frameworks */,
				184B0259196F0208000BB925 /* libwebrtc_opus.a in Frameworks */,
				184B0247196F0208000BB925 /* libsystem_wrappers.a in Frameworks */,
				184B0223196F0207000BB925 /* libcommon_audio_sse2.a in Frameworks */,
				184B022A196F0207000BB925 /* libexpat.a in Frameworks */,
				184B0248196F0208000BB925 /* libvideo_capture_module.a in Frameworks */,
				184B0255196F0208000BB925 /* libvpx.a in Frameworks */,
				184B0249196F0208000BB925 /* libvideo_coding_utility.a in Frameworks */,
				184B01AA196B0CFB000BB925 /* CoreVideo.framework in Frameworks */,
				184B024C196F0208000BB925 /* libvideo_processing.a in Frameworks */,
				184B024D196F0208000BB925 /* libvideo_render_module.a in Frameworks */,
				184B023B196F0207000BB925 /* libjsoncpp.a in Frameworks */,
				184B0251196F0208000BB925 /* libvpx_intrinsics_mmx.a in Frameworks */,
				184B0234196F0207000BB925 /* libiSACFix.a in Frameworks */,
				184B0246196F0208000BB925 /* libsrtp.a in Frameworks */,
				184B0225196F0207000BB925 /* libcommon_video.a in Frameworks */,
				184B0233196F0207000BB925 /* libiSAC.a in Frameworks */,
				184B022F196F0207000BB925 /* libicui18n.a in Frameworks */,
				184B0227196F0207000BB925 /* libcrnss.a in Frameworks */,
				184B0242196F0208000BB925 /* librbe_components.a in Frameworks */,
				184B0228196F0207000BB925 /* libcrnssckbi.a in Frameworks */,
				184B022D196F0207000BB925 /* libG722.a in Frameworks */,
				184B0237196F0207000BB925 /* libjingle_peerconnection_objc.a in Frameworks */,
				184B0256196F0208000BB925 /* libwebrtc_base.a in Frameworks */,
				184B022E196F0207000BB925 /* libicudata.a in Frameworks */,
				184B0219196F0207000BB925 /* lib_core_neon_offsets.a in Frameworks */,
				184B0232196F0207000BB925 /* libisac_neon.a in Frameworks */,
				184B0238196F0207000BB925 /* libjingle_peerconnection.a in Frameworks */,
				184B0241196F0208000BB925 /* libPCM16B.a in Frameworks */,
				184B024A196F0208000BB925 /* libvideo_engine_core.a in Frameworks */,
				184B0243196F0208000BB925 /* libremote_bitrate_estimator.a in Frameworks */,
				184B025F196F0209000BB925 /* libwebrtc.a in Frameworks */,
				184B025B196F0208000BB925 /* libwebrtc_video_coding.a in Frameworks */,
				1806895F196613F000BDCD26 /* CoreGraphics.framework in Frameworks */,
				184B0235196F0207000BB925 /* libjingle_media.a in Frameworks */,
				184B019F196B0CDA000BB925 /* OpenGLES.framework in Frameworks */,
				184B023C196F0207000BB925 /* libmedia_file.a in Frameworks */,
				184B0231196F0207000BB925 /* libiLBC.a in Frameworks */,
				184B022C196F0207000BB925 /* libG711.a in Frameworks */,
				184B0221196F0207000BB925 /* libCNG.a in Frameworks */,
				184B0226196F0207000BB925 /* libcrnspr.a in Frameworks */,
				184B024B196F0208000BB925 /* libvideo_processing_sse2.a in Frameworks */,
				184B01A0196B0CDA000BB925 /* QuartzCore.framework in Frameworks */,
				184B0229196F0207000BB925 /* libcrssl.a in Frameworks */,
				184B0239196F0207000BB925 /* libjingle_sound.a in Frameworks */,
				184B019A196B0B29000BB925 /* libsqlite3.dylib in Frameworks */,
				184B023D196F0207000BB925 /* libneteq.a in Frameworks */,
				184B0230196F0207000BB925 /* libicuuc.a in Frameworks */,
				184B0254196F0208000BB925 /* libvpx_intrinsics_ssse3.a in Frameworks */,
				184B0264196F20B8000BB925 /* libjingle_p2p_armv7.a in Frameworks */,
				184B025A196F0208000BB925 /* libwebrtc_utility.a in Frameworks */,
				184B021E196F0207000BB925 /* libaudio_processing_sse2.a in Frameworks */,
				184B0224196F0207000BB925 /* libcommon_audio.a in Frameworks */,
				184B0245196F0208000BB925 /* libsqlite_regexp.a in Frameworks */,
				18068961196613F000BDCD26 /* UIKit.framework in Frameworks */,
				184B0250196F0208000BB925 /* libvpx_asm_offsets_vpx_scale.a in Frameworks */,
				184B021C196F0207000BB925 /* libaudio_device.a in Frameworks */,
				184B0252196F0208000BB925 /* libvpx_intrinsics_sse2.a in Frameworks */,
				184B0257196F0208000BB925 /* libwebrtc_common.a in Frameworks */,
				184B021B196F0207000BB925 /* libaudio_conference_mixer.a in Frameworks */,
				184B0253196F0208000BB925 /* libvpx_intrinsics_sse4_1.a in Frameworks */,
				184B024F196F0208000BB925 /* libvpx_asm_offsets_vp8.a in Frameworks */,
				184B0222196F0207000BB925 /* libcommon_audio_neon.a in Frameworks */,
				184B023E196F0208000BB925 /* libnss_static.a in Frameworks */,
				184B0240196F0208000BB925 /* libpaced_sender.a in Frameworks */,
				1806895D196613F000BDCD26 /* Foundation.framework in Frameworks */,
				184B0260196F0209000BB925 /* libyuv_neon.a in Frameworks */,
				184B024E196F0208000BB925 /* libvoice_engine.a in Frameworks */,
			);
			runOnlyForDeploymentPostprocessing = 0;
		};
		1806897A196613F000BDCD26 /* Frameworks */ = {
			isa = PBXFrameworksBuildPhase;
			buildActionMask = 2147483647;
			files = (
				1806897F196613F000BDCD26 /* XCTest.framework in Frameworks */,
				18068981196613F000BDCD26 /* UIKit.framework in Frameworks */,
				18068980196613F000BDCD26 /* Foundation.framework in Frameworks */,
			);
			runOnlyForDeploymentPostprocessing = 0;
		};
/* End PBXFrameworksBuildPhase section */

/* Begin PBXGroup section */
		18068950196613F000BDCD26 = {
			isa = PBXGroup;
			children = (
				18068962196613F000BDCD26 /* Respoke */,
				18068984196613F000BDCD26 /* RespokeTests */,
				1806895B196613F000BDCD26 /* Frameworks */,
				1806895A196613F000BDCD26 /* Products */,
			);
			sourceTree = "<group>";
		};
		1806895A196613F000BDCD26 /* Products */ = {
			isa = PBXGroup;
			children = (
				18068959196613F000BDCD26 /* Respoke.app */,
				1806897D196613F000BDCD26 /* RespokeTests.xctest */,
			);
			name = Products;
			sourceTree = "<group>";
		};
		1806895B196613F000BDCD26 /* Frameworks */ = {
			isa = PBXGroup;
			children = (
				184B028F19709C87000BB925 /* libicucore.dylib */,
				184B028D19709C66000BB925 /* Security.framework */,
				184B028B19709C56000BB925 /* CFNetwork.framework */,
				184B01CE196DC79E000BB925 /* GLKit.framework */,
				184B01AB196B1156000BB925 /* libstdc++.6.dylib */,
				184B01A1196B0CFB000BB925 /* AudioToolbox.framework */,
				184B01A2196B0CFB000BB925 /* AVFoundation.framework */,
				184B01A3196B0CFB000BB925 /* CoreAudio.framework */,
				184B01A4196B0CFB000BB925 /* CoreMedia.framework */,
				184B01A5196B0CFB000BB925 /* CoreVideo.framework */,
				184B019D196B0CDA000BB925 /* OpenGLES.framework */,
				184B019E196B0CDA000BB925 /* QuartzCore.framework */,
				184B019B196B0C2F000BB925 /* libstdc++.dylib */,
				184B0199196B0B29000BB925 /* libsqlite3.dylib */,
				1806895C196613F000BDCD26 /* Foundation.framework */,
				1806895E196613F000BDCD26 /* CoreGraphics.framework */,
				18068960196613F000BDCD26 /* UIKit.framework */,
				1806897E196613F000BDCD26 /* XCTest.framework */,
			);
			name = Frameworks;
			sourceTree = "<group>";
		};
		18068962196613F000BDCD26 /* Respoke */ = {
			isa = PBXGroup;
			children = (
				1806896B196613F000BDCD26 /* AppDelegate.h */,
				1806896C196613F000BDCD26 /* AppDelegate.m */,
				184B01CB196D9399000BB925 /* CallViewController.h */,
				184B01CC196D9399000BB925 /* CallViewController.m */,
				184B026C19709284000BB925 /* GroupTableViewController.h */,
				184B026D19709284000BB925 /* GroupTableViewController.m */,
				180689941966EA1100BDCD26 /* Images */,
				18068977196613F000BDCD26 /* Images.xcassets */,
				18068974196613F000BDCD26 /* LoginViewController.h */,
				18068975196613F000BDCD26 /* LoginViewController.m */,
				18068971196613F000BDCD26 /* Main_iPad.storyboard */,
				1806896E196613F000BDCD26 /* Main_iPhone.storyboard */,
				184B0187196B097F000BB925 /* RespokeAPI */,
				184B026F19709AB3000BB925 /* socketIO */,
				18068963196613F000BDCD26 /* Supporting Files */,
			);
			path = Respoke;
			sourceTree = "<group>";
		};
		18068963196613F000BDCD26 /* Supporting Files */ = {
			isa = PBXGroup;
			children = (
				18068964196613F000BDCD26 /* Respoke-Info.plist */,
				18068965196613F000BDCD26 /* InfoPlist.strings */,
				18068968196613F000BDCD26 /* main.m */,
				1806896A196613F000BDCD26 /* Respoke-Prefix.pch */,
			);
			name = "Supporting Files";
			sourceTree = "<group>";
		};
		18068984196613F000BDCD26 /* RespokeTests */ = {
			isa = PBXGroup;
			children = (
				1806898A196613F000BDCD26 /* RespokeTests.m */,
				18068985196613F000BDCD26 /* Supporting Files */,
			);
			path = RespokeTests;
			sourceTree = "<group>";
		};
		18068985196613F000BDCD26 /* Supporting Files */ = {
			isa = PBXGroup;
			children = (
				18068986196613F000BDCD26 /* RespokeTests-Info.plist */,
				18068987196613F000BDCD26 /* InfoPlist.strings */,
			);
			name = "Supporting Files";
			sourceTree = "<group>";
		};
		180689941966EA1100BDCD26 /* Images */ = {
			isa = PBXGroup;
			children = (
				180689951966EA1100BDCD26 /* logo_respoke.png */,
			);
			path = Images;
			sourceTree = "<group>";
		};
		184B00E619676680000BB925 /* WebRTC */ = {
			isa = PBXGroup;
			children = (
				184B00E719676680000BB925 /* headers */,
				184B01D0196F0206000BB925 /* lib_core_neon_offsets.a */,
				184B01D1196F0206000BB925 /* libaudio_coding_module.a */,
				184B01D2196F0206000BB925 /* libaudio_conference_mixer.a */,
				184B01D3196F0206000BB925 /* libaudio_device.a */,
				184B01D6196F0206000BB925 /* libaudio_processing.a */,
				184B01D4196F0206000BB925 /* libaudio_processing_neon.a */,
				184B01D5196F0206000BB925 /* libaudio_processing_sse2.a */,
				184B01D7196F0206000BB925 /* libbitrate_controller.a */,
				184B01D8196F0206000BB925 /* libCNG.a */,
				184B01DB196F0206000BB925 /* libcommon_audio.a */,
				184B01D9196F0206000BB925 /* libcommon_audio_neon.a */,
				184B01DA196F0206000BB925 /* libcommon_audio_sse2.a */,
				184B01DC196F0206000BB925 /* libcommon_video.a */,
				184B01DD196F0206000BB925 /* libcrnspr.a */,
				184B01DE196F0206000BB925 /* libcrnss.a */,
				184B01DF196F0206000BB925 /* libcrnssckbi.a */,
				184B01E0196F0206000BB925 /* libcrssl.a */,
				184B01E1196F0206000BB925 /* libexpat.a */,
				184B01E2196F0206000BB925 /* libfield_trial_default.a */,
				184B01E3196F0206000BB925 /* libG711.a */,
				184B01E4196F0206000BB925 /* libG722.a */,
				184B01E5196F0206000BB925 /* libicudata.a */,
				184B01E6196F0206000BB925 /* libicui18n.a */,
				184B01E7196F0206000BB925 /* libicuuc.a */,
				184B01E8196F0206000BB925 /* libiLBC.a */,
				184B01EA196F0206000BB925 /* libiSAC.a */,
				184B01E9196F0206000BB925 /* libisac_neon.a */,
				184B01EB196F0206000BB925 /* libiSACFix.a */,
				184B01F1196F0206000BB925 /* libjingle.a */,
				184B01EC196F0206000BB925 /* libjingle_media.a */,
				184B0262196F20B8000BB925 /* libjingle_p2p_armv7.a */,
				184B0263196F20B8000BB925 /* libjingle_p2p_x86.a */,
				184B01EF196F0206000BB925 /* libjingle_peerconnection.a */,
				184B01EE196F0206000BB925 /* libjingle_peerconnection_objc.a */,
				184B01F0196F0206000BB925 /* libjingle_sound.a */,
				184B01F2196F0206000BB925 /* libjsoncpp.a */,
				184B01F3196F0206000BB925 /* libmedia_file.a */,
				184B01F4196F0206000BB925 /* libneteq.a */,
				184B01F5196F0206000BB925 /* libnss_static.a */,
				184B01F6196F0206000BB925 /* libopus.a */,
				184B01F7196F0206000BB925 /* libpaced_sender.a */,
				184B01F8196F0206000BB925 /* libPCM16B.a */,
				184B01F9196F0206000BB925 /* librbe_components.a */,
				184B01FA196F0206000BB925 /* libremote_bitrate_estimator.a */,
				184B01FB196F0206000BB925 /* librtp_rtcp.a */,
				184B01FC196F0206000BB925 /* libsqlite_regexp.a */,
				184B01FD196F0206000BB925 /* libsrtp.a */,
				184B01FE196F0206000BB925 /* libsystem_wrappers.a */,
				184B01FF196F0207000BB925 /* libvideo_capture_module.a */,
				184B0200196F0207000BB925 /* libvideo_coding_utility.a */,
				184B0201196F0207000BB925 /* libvideo_engine_core.a */,
				184B0203196F0207000BB925 /* libvideo_processing.a */,
				184B0202196F0207000BB925 /* libvideo_processing_sse2.a */,
				184B0204196F0207000BB925 /* libvideo_render_module.a */,
				184B0205196F0207000BB925 /* libvoice_engine.a */,
				184B020C196F0207000BB925 /* libvpx.a */,
				184B0206196F0207000BB925 /* libvpx_asm_offsets_vp8.a */,
				184B0207196F0207000BB925 /* libvpx_asm_offsets_vpx_scale.a */,
				184B0208196F0207000BB925 /* libvpx_intrinsics_mmx.a */,
				184B0209196F0207000BB925 /* libvpx_intrinsics_sse2.a */,
				184B020A196F0207000BB925 /* libvpx_intrinsics_sse4_1.a */,
				184B020B196F0207000BB925 /* libvpx_intrinsics_ssse3.a */,
				184B0216196F0207000BB925 /* libwebrtc.a */,
				184B020D196F0207000BB925 /* libwebrtc_base.a */,
				184B020E196F0207000BB925 /* libwebrtc_common.a */,
				184B020F196F0207000BB925 /* libwebrtc_i420.a */,
				184B0210196F0207000BB925 /* libwebrtc_opus.a */,
				184B0211196F0207000BB925 /* libwebrtc_utility.a */,
				184B0212196F0207000BB925 /* libwebrtc_video_coding.a */,
				184B0213196F0207000BB925 /* libwebrtc_vp8.a */,
				184B0218196F0207000BB925 /* libyuv.a */,
				184B0217196F0207000BB925 /* libyuv_neon.a */,
			);
			path = WebRTC;
			sourceTree = SOURCE_ROOT;
		};
		184B00E719676680000BB925 /* headers */ = {
			isa = PBXGroup;
			children = (
				184B00E819676680000BB925 /* RTCAudioSource.h */,
				184B00E919676680000BB925 /* RTCAudioTrack.h */,
				184B00EA19676680000BB925 /* RTCDataChannel.h */,
				184B00EB19676680000BB925 /* RTCEAGLVideoView.h */,
				184B00EC19676680000BB925 /* RTCI420Frame.h */,
				184B00ED19676680000BB925 /* RTCICECandidate.h */,
				184B00EE19676680000BB925 /* RTCICEServer.h */,
				184B00EF19676680000BB925 /* RTCMediaConstraints.h */,
				184B00F019676680000BB925 /* RTCMediaSource.h */,
				184B00F119676680000BB925 /* RTCMediaStream.h */,
				184B00F219676680000BB925 /* RTCMediaStreamTrack.h */,
				184B00F319676680000BB925 /* RTCNSGLVideoView.h */,
				184B00F419676680000BB925 /* RTCOpenGLVideoRenderer.h */,
				184B00F519676680000BB925 /* RTCPair.h */,
				184B00F619676680000BB925 /* RTCPeerConnection.h */,
				184B00F719676680000BB925 /* RTCPeerConnectionDelegate.h */,
				184B00F819676680000BB925 /* RTCPeerConnectionFactory.h */,
				184B00F919676680000BB925 /* RTCSessionDescription.h */,
				184B00FA19676680000BB925 /* RTCSessionDescriptionDelegate.h */,
				184B00FB19676680000BB925 /* RTCStatsDelegate.h */,
				184B00FC19676680000BB925 /* RTCStatsReport.h */,
				184B00FD19676680000BB925 /* RTCTypes.h */,
				184B00FE19676680000BB925 /* RTCVideoCapturer.h */,
				184B00FF19676680000BB925 /* RTCVideoRenderer.h */,
				184B010019676680000BB925 /* RTCVideoSource.h */,
				184B010119676680000BB925 /* RTCVideoTrack.h */,
			);
			path = headers;
			sourceTree = "<group>";
		};
		184B0187196B097F000BB925 /* RespokeAPI */ = {
			isa = PBXGroup;
			children = (
				184B018E196B0A84000BB925 /* APPRTCAppClient.h */,
				184B018F196B0A84000BB925 /* APPRTCAppClient.m */,
				184B0190196B0A84000BB925 /* APPRTCConnectionManager.h */,
				184B0191196B0A84000BB925 /* APPRTCConnectionManager.m */,
				184B0192196B0A84000BB925 /* channel.html */,
				184B0193196B0A84000BB925 /* GAEChannelClient.h */,
				184B0194196B0A84000BB925 /* GAEChannelClient.m */,
				184B0188196B097F000BB925 /* Respoke.h */,
				184B0189196B097F000BB925 /* Respoke.m */,
				184B026619707F25000BB925 /* RespokeClient.h */,
				184B026719707F25000BB925 /* RespokeClient.m */,
				184B018B196B09B7000BB925 /* RespokeWebRTCManager.h */,
				184B018C196B09B7000BB925 /* RespokeWebRTCManager.m */,
				184B02971972E44D000BB925 /* RestAPI */,
				184B00E619676680000BB925 /* WebRTC */,
			);
			path = RespokeAPI;
			sourceTree = "<group>";
		};
		184B026F19709AB3000BB925 /* socketIO */ = {
			isa = PBXGroup;
			children = (
				184B028019709BDC000BB925 /* SocketRocket */,
				184B027019709AC8000BB925 /* SocketIO.h */,
				184B027119709AC8000BB925 /* SocketIO.m */,
				184B027219709AC8000BB925 /* SocketIOJSONSerialization.h */,
				184B027319709AC8000BB925 /* SocketIOJSONSerialization.m */,
				184B027419709AC8000BB925 /* SocketIOPacket.h */,
				184B027519709AC8000BB925 /* SocketIOPacket.m */,
				184B027619709AC8000BB925 /* SocketIOTransport.h */,
				184B027719709AC8000BB925 /* SocketIOTransportWebsocket.h */,
				184B027819709AC8000BB925 /* SocketIOTransportWebsocket.m */,
				184B027919709AC8000BB925 /* SocketIOTransportXHR.h */,
				184B027A19709AC8000BB925 /* SocketIOTransportXHR.m */,
			);
			name = socketIO;
			sourceTree = "<group>";
		};
		184B028019709BDC000BB925 /* SocketRocket */ = {
			isa = PBXGroup;
			children = (
				184B028119709BDC000BB925 /* base64.c */,
				184B028219709BDC000BB925 /* base64.h */,
				184B028319709BDC000BB925 /* NSData+SRB64Additions.h */,
				184B028419709BDC000BB925 /* NSData+SRB64Additions.m */,
				184B028519709BDC000BB925 /* SocketRocket-Prefix.pch */,
				184B028619709BDC000BB925 /* SRWebSocket.h */,
				184B028719709BDC000BB925 /* SRWebSocket.m */,
			);
			name = SocketRocket;
			path = "socketIOobjc/submodules/socket-rocket/SocketRocket";
			sourceTree = SOURCE_ROOT;
		};
		184B02971972E44D000BB925 /* RestAPI */ = {
			isa = PBXGroup;
			children = (
				184B029E1972E46A000BB925 /* APIDoOpen.h */,
				184B029F1972E46A000BB925 /* APIDoOpen.m */,
				184B02981972E44D000BB925 /* APIGetToken.h */,
				184B02991972E44D000BB925 /* APIGetToken.m */,
				184B029A1972E44D000BB925 /* APITransaction.h */,
				184B029B1972E44D000BB925 /* APITransaction.m */,
			);
			path = RestAPI;
			sourceTree = "<group>";
		};
/* End PBXGroup section */

/* Begin PBXNativeTarget section */
		18068958196613F000BDCD26 /* Respoke */ = {
			isa = PBXNativeTarget;
			buildConfigurationList = 1806898E196613F000BDCD26 /* Build configuration list for PBXNativeTarget "Respoke" */;
			buildPhases = (
				18068955196613F000BDCD26 /* Sources */,
				18068956196613F000BDCD26 /* Frameworks */,
				18068957196613F000BDCD26 /* Resources */,
			);
			buildRules = (
			);
			dependencies = (
			);
			name = Respoke;
			productName = Respoke;
			productReference = 18068959196613F000BDCD26 /* Respoke.app */;
			productType = "com.apple.product-type.application";
		};
		1806897C196613F000BDCD26 /* RespokeTests */ = {
			isa = PBXNativeTarget;
			buildConfigurationList = 18068991196613F000BDCD26 /* Build configuration list for PBXNativeTarget "RespokeTests" */;
			buildPhases = (
				18068979196613F000BDCD26 /* Sources */,
				1806897A196613F000BDCD26 /* Frameworks */,
				1806897B196613F000BDCD26 /* Resources */,
			);
			buildRules = (
			);
			dependencies = (
				18068983196613F000BDCD26 /* PBXTargetDependency */,
			);
			name = RespokeTests;
			productName = RespokeTests;
			productReference = 1806897D196613F000BDCD26 /* RespokeTests.xctest */;
			productType = "com.apple.product-type.bundle.unit-test";
		};
/* End PBXNativeTarget section */

/* Begin PBXProject section */
		18068951196613F000BDCD26 /* Project object */ = {
			isa = PBXProject;
			attributes = {
				LastUpgradeCheck = 0510;
				ORGANIZATIONNAME = "Ninjanetic Design Inc.";
				TargetAttributes = {
					1806897C196613F000BDCD26 = {
						TestTargetID = 18068958196613F000BDCD26;
					};
				};
			};
			buildConfigurationList = 18068954196613F000BDCD26 /* Build configuration list for PBXProject "Respoke" */;
			compatibilityVersion = "Xcode 3.2";
			developmentRegion = English;
			hasScannedForEncodings = 0;
			knownRegions = (
				en,
				Base,
			);
			mainGroup = 18068950196613F000BDCD26;
			productRefGroup = 1806895A196613F000BDCD26 /* Products */;
			projectDirPath = "";
			projectRoot = "";
			targets = (
				18068958196613F000BDCD26 /* Respoke */,
				1806897C196613F000BDCD26 /* RespokeTests */,
			);
		};
/* End PBXProject section */

/* Begin PBXResourcesBuildPhase section */
		18068957196613F000BDCD26 /* Resources */ = {
			isa = PBXResourcesBuildPhase;
			buildActionMask = 2147483647;
			files = (
				18068973196613F000BDCD26 /* Main_iPad.storyboard in Resources */,
				18068978196613F000BDCD26 /* Images.xcassets in Resources */,
				184B0197196B0A84000BB925 /* channel.html in Resources */,
				180689961966EA1100BDCD26 /* logo_respoke.png in Resources */,
				18068970196613F000BDCD26 /* Main_iPhone.storyboard in Resources */,
				18068967196613F000BDCD26 /* InfoPlist.strings in Resources */,
			);
			runOnlyForDeploymentPostprocessing = 0;
		};
		1806897B196613F000BDCD26 /* Resources */ = {
			isa = PBXResourcesBuildPhase;
			buildActionMask = 2147483647;
			files = (
				18068989196613F000BDCD26 /* InfoPlist.strings in Resources */,
			);
			runOnlyForDeploymentPostprocessing = 0;
		};
/* End PBXResourcesBuildPhase section */

/* Begin PBXSourcesBuildPhase section */
		18068955196613F000BDCD26 /* Sources */ = {
			isa = PBXSourcesBuildPhase;
			buildActionMask = 2147483647;
			files = (
				18068976196613F000BDCD26 /* LoginViewController.m in Sources */,
				184B027F19709AC8000BB925 /* SocketIOTransportXHR.m in Sources */,
				184B018A196B097F000BB925 /* Respoke.m in Sources */,
				184B027D19709AC8000BB925 /* SocketIOPacket.m in Sources */,
				184B026819707F25000BB925 /* RespokeClient.m in Sources */,
				184B0198196B0A84000BB925 /* GAEChannelClient.m in Sources */,
				184B01CD196D9399000BB925 /* CallViewController.m in Sources */,
				184B018D196B09B7000BB925 /* RespokeWebRTCManager.m in Sources */,
				184B027C19709AC8000BB925 /* SocketIOJSONSerialization.m in Sources */,
				184B027B19709AC8000BB925 /* SocketIO.m in Sources */,
				1806896D196613F000BDCD26 /* AppDelegate.m in Sources */,
				184B029C1972E44D000BB925 /* APIGetToken.m in Sources */,
				184B029D1972E44D000BB925 /* APITransaction.m in Sources */,
				184B0196196B0A84000BB925 /* APPRTCConnectionManager.m in Sources */,
				184B028919709BDC000BB925 /* NSData+SRB64Additions.m in Sources */,
				184B0195196B0A84000BB925 /* APPRTCAppClient.m in Sources */,
				184B028819709BDC000BB925 /* base64.c in Sources */,
				184B026E19709284000BB925 /* GroupTableViewController.m in Sources */,
				184B028A19709BDC000BB925 /* SRWebSocket.m in Sources */,
				184B027E19709AC8000BB925 /* SocketIOTransportWebsocket.m in Sources */,
				18068969196613F000BDCD26 /* main.m in Sources */,
				184B02A01972E46A000BB925 /* APIDoOpen.m in Sources */,
			);
			runOnlyForDeploymentPostprocessing = 0;
		};
		18068979196613F000BDCD26 /* Sources */ = {
			isa = PBXSourcesBuildPhase;
			buildActionMask = 2147483647;
			files = (
				1806898B196613F000BDCD26 /* RespokeTests.m in Sources */,
			);
			runOnlyForDeploymentPostprocessing = 0;
		};
/* End PBXSourcesBuildPhase section */

/* Begin PBXTargetDependency section */
		18068983196613F000BDCD26 /* PBXTargetDependency */ = {
			isa = PBXTargetDependency;
			target = 18068958196613F000BDCD26 /* Respoke */;
			targetProxy = 18068982196613F000BDCD26 /* PBXContainerItemProxy */;
		};
/* End PBXTargetDependency section */

/* Begin PBXVariantGroup section */
		18068965196613F000BDCD26 /* InfoPlist.strings */ = {
			isa = PBXVariantGroup;
			children = (
				18068966196613F000BDCD26 /* en */,
			);
			name = InfoPlist.strings;
			sourceTree = "<group>";
		};
		1806896E196613F000BDCD26 /* Main_iPhone.storyboard */ = {
			isa = PBXVariantGroup;
			children = (
				1806896F196613F000BDCD26 /* Base */,
			);
			name = Main_iPhone.storyboard;
			sourceTree = "<group>";
		};
		18068971196613F000BDCD26 /* Main_iPad.storyboard */ = {
			isa = PBXVariantGroup;
			children = (
				18068972196613F000BDCD26 /* Base */,
			);
			name = Main_iPad.storyboard;
			sourceTree = "<group>";
		};
		18068987196613F000BDCD26 /* InfoPlist.strings */ = {
			isa = PBXVariantGroup;
			children = (
				18068988196613F000BDCD26 /* en */,
			);
			name = InfoPlist.strings;
			sourceTree = "<group>";
		};
/* End PBXVariantGroup section */

/* Begin XCBuildConfiguration section */
		1806898C196613F000BDCD26 /* Debug */ = {
			isa = XCBuildConfiguration;
			buildSettings = {
				ALWAYS_SEARCH_USER_PATHS = NO;
				ARCHS = armv7;
				CLANG_CXX_LANGUAGE_STANDARD = "gnu++0x";
				CLANG_CXX_LIBRARY = "libc++";
				CLANG_ENABLE_MODULES = YES;
				CLANG_ENABLE_OBJC_ARC = YES;
				CLANG_WARN_BOOL_CONVERSION = YES;
				CLANG_WARN_CONSTANT_CONVERSION = YES;
				CLANG_WARN_DIRECT_OBJC_ISA_USAGE = YES_ERROR;
				CLANG_WARN_EMPTY_BODY = YES;
				CLANG_WARN_ENUM_CONVERSION = YES;
				CLANG_WARN_INT_CONVERSION = YES;
				CLANG_WARN_OBJC_ROOT_CLASS = YES_ERROR;
				CLANG_WARN__DUPLICATE_METHOD_MATCH = YES;
				"CODE_SIGN_IDENTITY[sdk=iphoneos*]" = "iPhone Developer";
				COPY_PHASE_STRIP = NO;
				GCC_C_LANGUAGE_STANDARD = gnu99;
				GCC_DYNAMIC_NO_PIC = NO;
				GCC_OPTIMIZATION_LEVEL = 0;
				GCC_PREPROCESSOR_DEFINITIONS = (
					"DEBUG=1",
					"$(inherited)",
				);
				GCC_SYMBOLS_PRIVATE_EXTERN = NO;
				GCC_WARN_64_TO_32_BIT_CONVERSION = YES;
				GCC_WARN_ABOUT_RETURN_TYPE = YES_ERROR;
				GCC_WARN_UNDECLARED_SELECTOR = YES;
				GCC_WARN_UNINITIALIZED_AUTOS = YES_AGGRESSIVE;
				GCC_WARN_UNUSED_FUNCTION = YES;
				GCC_WARN_UNUSED_VARIABLE = YES;
				IPHONEOS_DEPLOYMENT_TARGET = 7.1;
				ONLY_ACTIVE_ARCH = YES;
				SDKROOT = iphoneos;
				TARGETED_DEVICE_FAMILY = "1,2";
			};
			name = Debug;
		};
		1806898D196613F000BDCD26 /* Release */ = {
			isa = XCBuildConfiguration;
			buildSettings = {
				ALWAYS_SEARCH_USER_PATHS = NO;
				ARCHS = armv7;
				CLANG_CXX_LANGUAGE_STANDARD = "gnu++0x";
				CLANG_CXX_LIBRARY = "libc++";
				CLANG_ENABLE_MODULES = YES;
				CLANG_ENABLE_OBJC_ARC = YES;
				CLANG_WARN_BOOL_CONVERSION = YES;
				CLANG_WARN_CONSTANT_CONVERSION = YES;
				CLANG_WARN_DIRECT_OBJC_ISA_USAGE = YES_ERROR;
				CLANG_WARN_EMPTY_BODY = YES;
				CLANG_WARN_ENUM_CONVERSION = YES;
				CLANG_WARN_INT_CONVERSION = YES;
				CLANG_WARN_OBJC_ROOT_CLASS = YES_ERROR;
				CLANG_WARN__DUPLICATE_METHOD_MATCH = YES;
				"CODE_SIGN_IDENTITY[sdk=iphoneos*]" = "iPhone Developer";
				COPY_PHASE_STRIP = YES;
				ENABLE_NS_ASSERTIONS = NO;
				GCC_C_LANGUAGE_STANDARD = gnu99;
				GCC_WARN_64_TO_32_BIT_CONVERSION = YES;
				GCC_WARN_ABOUT_RETURN_TYPE = YES_ERROR;
				GCC_WARN_UNDECLARED_SELECTOR = YES;
				GCC_WARN_UNINITIALIZED_AUTOS = YES_AGGRESSIVE;
				GCC_WARN_UNUSED_FUNCTION = YES;
				GCC_WARN_UNUSED_VARIABLE = YES;
				IPHONEOS_DEPLOYMENT_TARGET = 7.1;
				SDKROOT = iphoneos;
				TARGETED_DEVICE_FAMILY = "1,2";
				VALIDATE_PRODUCT = YES;
			};
			name = Release;
		};
		1806898F196613F000BDCD26 /* Debug */ = {
			isa = XCBuildConfiguration;
			buildSettings = {
				ASSETCATALOG_COMPILER_APPICON_NAME = AppIcon;
				ASSETCATALOG_COMPILER_LAUNCHIMAGE_NAME = LaunchImage;
				GCC_PRECOMPILE_PREFIX_HEADER = YES;
				GCC_PREFIX_HEADER = "Respoke/Respoke-Prefix.pch";
				INFOPLIST_FILE = "Respoke/Respoke-Info.plist";
				LIBRARY_SEARCH_PATHS = (
					"$(inherited)",
					"$(PROJECT_DIR)/WebRTC",
				);
				PRODUCT_NAME = "$(TARGET_NAME)";
				WRAPPER_EXTENSION = app;
			};
			name = Debug;
		};
		18068990196613F000BDCD26 /* Release */ = {
			isa = XCBuildConfiguration;
			buildSettings = {
				ASSETCATALOG_COMPILER_APPICON_NAME = AppIcon;
				ASSETCATALOG_COMPILER_LAUNCHIMAGE_NAME = LaunchImage;
				GCC_PRECOMPILE_PREFIX_HEADER = YES;
				GCC_PREFIX_HEADER = "Respoke/Respoke-Prefix.pch";
				INFOPLIST_FILE = "Respoke/Respoke-Info.plist";
				LIBRARY_SEARCH_PATHS = (
					"$(inherited)",
					"$(PROJECT_DIR)/WebRTC",
				);
				PRODUCT_NAME = "$(TARGET_NAME)";
				WRAPPER_EXTENSION = app;
			};
			name = Release;
		};
		18068992196613F000BDCD26 /* Debug */ = {
			isa = XCBuildConfiguration;
			buildSettings = {
				BUNDLE_LOADER = "$(BUILT_PRODUCTS_DIR)/Respoke.app/Respoke";
				FRAMEWORK_SEARCH_PATHS = (
					"$(SDKROOT)/Developer/Library/Frameworks",
					"$(inherited)",
					"$(DEVELOPER_FRAMEWORKS_DIR)",
				);
				GCC_PRECOMPILE_PREFIX_HEADER = YES;
				GCC_PREFIX_HEADER = "Respoke/Respoke-Prefix.pch";
				GCC_PREPROCESSOR_DEFINITIONS = (
					"DEBUG=1",
					"$(inherited)",
				);
				INFOPLIST_FILE = "RespokeTests/RespokeTests-Info.plist";
				PRODUCT_NAME = "$(TARGET_NAME)";
				TEST_HOST = "$(BUNDLE_LOADER)";
				WRAPPER_EXTENSION = xctest;
			};
			name = Debug;
		};
		18068993196613F000BDCD26 /* Release */ = {
			isa = XCBuildConfiguration;
			buildSettings = {
				BUNDLE_LOADER = "$(BUILT_PRODUCTS_DIR)/Respoke.app/Respoke";
				FRAMEWORK_SEARCH_PATHS = (
					"$(SDKROOT)/Developer/Library/Frameworks",
					"$(inherited)",
					"$(DEVELOPER_FRAMEWORKS_DIR)",
				);
				GCC_PRECOMPILE_PREFIX_HEADER = YES;
				GCC_PREFIX_HEADER = "Respoke/Respoke-Prefix.pch";
				INFOPLIST_FILE = "RespokeTests/RespokeTests-Info.plist";
				PRODUCT_NAME = "$(TARGET_NAME)";
				TEST_HOST = "$(BUNDLE_LOADER)";
				WRAPPER_EXTENSION = xctest;
			};
			name = Release;
		};
/* End XCBuildConfiguration section */

/* Begin XCConfigurationList section */
		18068954196613F000BDCD26 /* Build configuration list for PBXProject "Respoke" */ = {
			isa = XCConfigurationList;
			buildConfigurations = (
				1806898C196613F000BDCD26 /* Debug */,
				1806898D196613F000BDCD26 /* Release */,
			);
			defaultConfigurationIsVisible = 0;
			defaultConfigurationName = Release;
		};
		1806898E196613F000BDCD26 /* Build configuration list for PBXNativeTarget "Respoke" */ = {
			isa = XCConfigurationList;
			buildConfigurations = (
				1806898F196613F000BDCD26 /* Debug */,
				18068990196613F000BDCD26 /* Release */,
			);
			defaultConfigurationIsVisible = 0;
			defaultConfigurationName = Release;
		};
		18068991196613F000BDCD26 /* Build configuration list for PBXNativeTarget "RespokeTests" */ = {
			isa = XCConfigurationList;
			buildConfigurations = (
				18068992196613F000BDCD26 /* Debug */,
				18068993196613F000BDCD26 /* Release */,
			);
			defaultConfigurationIsVisible = 0;
			defaultConfigurationName = Release;
		};
/* End XCConfigurationList section */
	};
	rootObject = 18068951196613F000BDCD26 /* Project object */;
}
