// !$*UTF8*$!
{
	archiveVersion = 1;
	classes = {
	};
	objectVersion = 46;
	objects = {

/* Begin PBXBuildFile section */
		1806895D196613F000BDCD26 /* Foundation.framework in Frameworks */ = {isa = PBXBuildFile; fileRef = 1806895C196613F000BDCD26 /* Foundation.framework */; };
		1806895F196613F000BDCD26 /* CoreGraphics.framework in Frameworks */ = {isa = PBXBuildFile; fileRef = 1806895E196613F000BDCD26 /* CoreGraphics.framework */; };
		18068961196613F000BDCD26 /* UIKit.framework in Frameworks */ = {isa = PBXBuildFile; fileRef = 18068960196613F000BDCD26 /* UIKit.framework */; };
		18068967196613F000BDCD26 /* InfoPlist.strings in Resources */ = {isa = PBXBuildFile; fileRef = 18068965196613F000BDCD26 /* InfoPlist.strings */; };
		18068969196613F000BDCD26 /* main.m in Sources */ = {isa = PBXBuildFile; fileRef = 18068968196613F000BDCD26 /* main.m */; };
		1806896D196613F000BDCD26 /* AppDelegate.m in Sources */ = {isa = PBXBuildFile; fileRef = 1806896C196613F000BDCD26 /* AppDelegate.m */; };
		18068970196613F000BDCD26 /* Main_iPhone.storyboard in Resources */ = {isa = PBXBuildFile; fileRef = 1806896E196613F000BDCD26 /* Main_iPhone.storyboard */; };
		18068973196613F000BDCD26 /* Main_iPad.storyboard in Resources */ = {isa = PBXBuildFile; fileRef = 18068971196613F000BDCD26 /* Main_iPad.storyboard */; };
		18068976196613F000BDCD26 /* LoginViewController.m in Sources */ = {isa = PBXBuildFile; fileRef = 18068975196613F000BDCD26 /* LoginViewController.m */; };
		18068978196613F000BDCD26 /* Images.xcassets in Resources */ = {isa = PBXBuildFile; fileRef = 18068977196613F000BDCD26 /* Images.xcassets */; };
		1806897F196613F000BDCD26 /* XCTest.framework in Frameworks */ = {isa = PBXBuildFile; fileRef = 1806897E196613F000BDCD26 /* XCTest.framework */; };
		18068980196613F000BDCD26 /* Foundation.framework in Frameworks */ = {isa = PBXBuildFile; fileRef = 1806895C196613F000BDCD26 /* Foundation.framework */; };
		18068981196613F000BDCD26 /* UIKit.framework in Frameworks */ = {isa = PBXBuildFile; fileRef = 18068960196613F000BDCD26 /* UIKit.framework */; };
		18068989196613F000BDCD26 /* InfoPlist.strings in Resources */ = {isa = PBXBuildFile; fileRef = 18068987196613F000BDCD26 /* InfoPlist.strings */; };
		1806898B196613F000BDCD26 /* RespokeTests.m in Sources */ = {isa = PBXBuildFile; fileRef = 1806898A196613F000BDCD26 /* RespokeTests.m */; };
		180689961966EA1100BDCD26 /* logo_respoke.png in Resources */ = {isa = PBXBuildFile; fileRef = 180689951966EA1100BDCD26 /* logo_respoke.png */; };
/* End PBXBuildFile section */

/* Begin PBXContainerItemProxy section */
		18068982196613F000BDCD26 /* PBXContainerItemProxy */ = {
			isa = PBXContainerItemProxy;
			containerPortal = 18068951196613F000BDCD26 /* Project object */;
			proxyType = 1;
			remoteGlobalIDString = 18068958196613F000BDCD26;
			remoteInfo = Respoke;
		};
/* End PBXContainerItemProxy section */

/* Begin PBXFileReference section */
		18068959196613F000BDCD26 /* Respoke.app */ = {isa = PBXFileReference; explicitFileType = wrapper.application; includeInIndex = 0; path = Respoke.app; sourceTree = BUILT_PRODUCTS_DIR; };
		1806895C196613F000BDCD26 /* Foundation.framework */ = {isa = PBXFileReference; lastKnownFileType = wrapper.framework; name = Foundation.framework; path = System/Library/Frameworks/Foundation.framework; sourceTree = SDKROOT; };
		1806895E196613F000BDCD26 /* CoreGraphics.framework */ = {isa = PBXFileReference; lastKnownFileType = wrapper.framework; name = CoreGraphics.framework; path = System/Library/Frameworks/CoreGraphics.framework; sourceTree = SDKROOT; };
		18068960196613F000BDCD26 /* UIKit.framework */ = {isa = PBXFileReference; lastKnownFileType = wrapper.framework; name = UIKit.framework; path = System/Library/Frameworks/UIKit.framework; sourceTree = SDKROOT; };
		18068964196613F000BDCD26 /* Respoke-Info.plist */ = {isa = PBXFileReference; lastKnownFileType = text.plist.xml; path = "Respoke-Info.plist"; sourceTree = "<group>"; };
		18068966196613F000BDCD26 /* en */ = {isa = PBXFileReference; lastKnownFileType = text.plist.strings; name = en; path = en.lproj/InfoPlist.strings; sourceTree = "<group>"; };
		18068968196613F000BDCD26 /* main.m */ = {isa = PBXFileReference; lastKnownFileType = sourcecode.c.objc; path = main.m; sourceTree = "<group>"; };
		1806896A196613F000BDCD26 /* Respoke-Prefix.pch */ = {isa = PBXFileReference; lastKnownFileType = sourcecode.c.h; path = "Respoke-Prefix.pch"; sourceTree = "<group>"; };
		1806896B196613F000BDCD26 /* AppDelegate.h */ = {isa = PBXFileReference; lastKnownFileType = sourcecode.c.h; path = AppDelegate.h; sourceTree = "<group>"; };
		1806896C196613F000BDCD26 /* AppDelegate.m */ = {isa = PBXFileReference; lastKnownFileType = sourcecode.c.objc; path = AppDelegate.m; sourceTree = "<group>"; };
		1806896F196613F000BDCD26 /* Base */ = {isa = PBXFileReference; lastKnownFileType = file.storyboard; name = Base; path = Base.lproj/Main_iPhone.storyboard; sourceTree = "<group>"; };
		18068972196613F000BDCD26 /* Base */ = {isa = PBXFileReference; lastKnownFileType = file.storyboard; name = Base; path = Base.lproj/Main_iPad.storyboard; sourceTree = "<group>"; };
		18068974196613F000BDCD26 /* LoginViewController.h */ = {isa = PBXFileReference; lastKnownFileType = sourcecode.c.h; path = LoginViewController.h; sourceTree = "<group>"; };
		18068975196613F000BDCD26 /* LoginViewController.m */ = {isa = PBXFileReference; lastKnownFileType = sourcecode.c.objc; path = LoginViewController.m; sourceTree = "<group>"; };
		18068977196613F000BDCD26 /* Images.xcassets */ = {isa = PBXFileReference; lastKnownFileType = folder.assetcatalog; path = Images.xcassets; sourceTree = "<group>"; };
		1806897D196613F000BDCD26 /* RespokeTests.xctest */ = {isa = PBXFileReference; explicitFileType = wrapper.cfbundle; includeInIndex = 0; path = RespokeTests.xctest; sourceTree = BUILT_PRODUCTS_DIR; };
		1806897E196613F000BDCD26 /* XCTest.framework */ = {isa = PBXFileReference; lastKnownFileType = wrapper.framework; name = XCTest.framework; path = Library/Frameworks/XCTest.framework; sourceTree = DEVELOPER_DIR; };
		18068986196613F000BDCD26 /* RespokeTests-Info.plist */ = {isa = PBXFileReference; lastKnownFileType = text.plist.xml; path = "RespokeTests-Info.plist"; sourceTree = "<group>"; };
		18068988196613F000BDCD26 /* en */ = {isa = PBXFileReference; lastKnownFileType = text.plist.strings; name = en; path = en.lproj/InfoPlist.strings; sourceTree = "<group>"; };
		1806898A196613F000BDCD26 /* RespokeTests.m */ = {isa = PBXFileReference; lastKnownFileType = sourcecode.c.objc; path = RespokeTests.m; sourceTree = "<group>"; };
		180689951966EA1100BDCD26 /* logo_respoke.png */ = {isa = PBXFileReference; lastKnownFileType = image.png; path = logo_respoke.png; sourceTree = "<group>"; };
/* End PBXFileReference section */

/* Begin PBXFrameworksBuildPhase section */
		18068956196613F000BDCD26 /* Frameworks */ = {
			isa = PBXFrameworksBuildPhase;
			buildActionMask = 2147483647;
			files = (
				1806895F196613F000BDCD26 /* CoreGraphics.framework in Frameworks */,
				18068961196613F000BDCD26 /* UIKit.framework in Frameworks */,
				1806895D196613F000BDCD26 /* Foundation.framework in Frameworks */,
			);
			runOnlyForDeploymentPostprocessing = 0;
		};
		1806897A196613F000BDCD26 /* Frameworks */ = {
			isa = PBXFrameworksBuildPhase;
			buildActionMask = 2147483647;
			files = (
				1806897F196613F000BDCD26 /* XCTest.framework in Frameworks */,
				18068981196613F000BDCD26 /* UIKit.framework in Frameworks */,
				18068980196613F000BDCD26 /* Foundation.framework in Frameworks */,
			);
			runOnlyForDeploymentPostprocessing = 0;
		};
/* End PBXFrameworksBuildPhase section */

/* Begin PBXGroup section */
		18068950196613F000BDCD26 = {
			isa = PBXGroup;
			children = (
				18068962196613F000BDCD26 /* Respoke */,
				18068984196613F000BDCD26 /* RespokeTests */,
				1806895B196613F000BDCD26 /* Frameworks */,
				1806895A196613F000BDCD26 /* Products */,
			);
			sourceTree = "<group>";
		};
		1806895A196613F000BDCD26 /* Products */ = {
			isa = PBXGroup;
			children = (
				18068959196613F000BDCD26 /* Respoke.app */,
				1806897D196613F000BDCD26 /* RespokeTests.xctest */,
			);
			name = Products;
			sourceTree = "<group>";
		};
		1806895B196613F000BDCD26 /* Frameworks */ = {
			isa = PBXGroup;
			children = (
				1806895C196613F000BDCD26 /* Foundation.framework */,
				1806895E196613F000BDCD26 /* CoreGraphics.framework */,
				18068960196613F000BDCD26 /* UIKit.framework */,
				1806897E196613F000BDCD26 /* XCTest.framework */,
			);
			name = Frameworks;
			sourceTree = "<group>";
		};
		18068962196613F000BDCD26 /* Respoke */ = {
			isa = PBXGroup;
			children = (
				1806896B196613F000BDCD26 /* AppDelegate.h */,
				1806896C196613F000BDCD26 /* AppDelegate.m */,
				180689941966EA1100BDCD26 /* Images */,
				18068977196613F000BDCD26 /* Images.xcassets */,
				18068971196613F000BDCD26 /* Main_iPad.storyboard */,
				1806896E196613F000BDCD26 /* Main_iPhone.storyboard */,
				18068963196613F000BDCD26 /* Supporting Files */,
				18068974196613F000BDCD26 /* LoginViewController.h */,
				18068975196613F000BDCD26 /* LoginViewController.m */,
			);
			path = Respoke;
			sourceTree = "<group>";
		};
		18068963196613F000BDCD26 /* Supporting Files */ = {
			isa = PBXGroup;
			children = (
				18068964196613F000BDCD26 /* Respoke-Info.plist */,
				18068965196613F000BDCD26 /* InfoPlist.strings */,
				18068968196613F000BDCD26 /* main.m */,
				1806896A196613F000BDCD26 /* Respoke-Prefix.pch */,
			);
			name = "Supporting Files";
			sourceTree = "<group>";
		};
		18068984196613F000BDCD26 /* RespokeTests */ = {
			isa = PBXGroup;
			children = (
				1806898A196613F000BDCD26 /* RespokeTests.m */,
				18068985196613F000BDCD26 /* Supporting Files */,
			);
			path = RespokeTests;
			sourceTree = "<group>";
		};
		18068985196613F000BDCD26 /* Supporting Files */ = {
			isa = PBXGroup;
			children = (
				18068986196613F000BDCD26 /* RespokeTests-Info.plist */,
				18068987196613F000BDCD26 /* InfoPlist.strings */,
			);
			name = "Supporting Files";
			sourceTree = "<group>";
		};
		180689941966EA1100BDCD26 /* Images */ = {
			isa = PBXGroup;
			children = (
				180689951966EA1100BDCD26 /* logo_respoke.png */,
			);
			path = Images;
			sourceTree = "<group>";
		};
/* End PBXGroup section */

/* Begin PBXNativeTarget section */
		18068958196613F000BDCD26 /* Respoke */ = {
			isa = PBXNativeTarget;
			buildConfigurationList = 1806898E196613F000BDCD26 /* Build configuration list for PBXNativeTarget "Respoke" */;
			buildPhases = (
				18068955196613F000BDCD26 /* Sources */,
				18068956196613F000BDCD26 /* Frameworks */,
				18068957196613F000BDCD26 /* Resources */,
			);
			buildRules = (
			);
			dependencies = (
			);
			name = Respoke;
			productName = Respoke;
			productReference = 18068959196613F000BDCD26 /* Respoke.app */;
			productType = "com.apple.product-type.application";
		};
		1806897C196613F000BDCD26 /* RespokeTests */ = {
			isa = PBXNativeTarget;
			buildConfigurationList = 18068991196613F000BDCD26 /* Build configuration list for PBXNativeTarget "RespokeTests" */;
			buildPhases = (
				18068979196613F000BDCD26 /* Sources */,
				1806897A196613F000BDCD26 /* Frameworks */,
				1806897B196613F000BDCD26 /* Resources */,
			);
			buildRules = (
			);
			dependencies = (
				18068983196613F000BDCD26 /* PBXTargetDependency */,
			);
			name = RespokeTests;
			productName = RespokeTests;
			productReference = 1806897D196613F000BDCD26 /* RespokeTests.xctest */;
			productType = "com.apple.product-type.bundle.unit-test";
		};
/* End PBXNativeTarget section */

/* Begin PBXProject section */
		18068951196613F000BDCD26 /* Project object */ = {
			isa = PBXProject;
			attributes = {
				LastUpgradeCheck = 0510;
				ORGANIZATIONNAME = "Ninjanetic Design Inc.";
				TargetAttributes = {
					1806897C196613F000BDCD26 = {
						TestTargetID = 18068958196613F000BDCD26;
					};
				};
			};
			buildConfigurationList = 18068954196613F000BDCD26 /* Build configuration list for PBXProject "Respoke" */;
			compatibilityVersion = "Xcode 3.2";
			developmentRegion = English;
			hasScannedForEncodings = 0;
			knownRegions = (
				en,
				Base,
			);
			mainGroup = 18068950196613F000BDCD26;
			productRefGroup = 1806895A196613F000BDCD26 /* Products */;
			projectDirPath = "";
			projectRoot = "";
			targets = (
				18068958196613F000BDCD26 /* Respoke */,
				1806897C196613F000BDCD26 /* RespokeTests */,
			);
		};
/* End PBXProject section */

/* Begin PBXResourcesBuildPhase section */
		18068957196613F000BDCD26 /* Resources */ = {
			isa = PBXResourcesBuildPhase;
			buildActionMask = 2147483647;
			files = (
				18068973196613F000BDCD26 /* Main_iPad.storyboard in Resources */,
				18068978196613F000BDCD26 /* Images.xcassets in Resources */,
				180689961966EA1100BDCD26 /* logo_respoke.png in Resources */,
				18068970196613F000BDCD26 /* Main_iPhone.storyboard in Resources */,
				18068967196613F000BDCD26 /* InfoPlist.strings in Resources */,
			);
			runOnlyForDeploymentPostprocessing = 0;
		};
		1806897B196613F000BDCD26 /* Resources */ = {
			isa = PBXResourcesBuildPhase;
			buildActionMask = 2147483647;
			files = (
				18068989196613F000BDCD26 /* InfoPlist.strings in Resources */,
			);
			runOnlyForDeploymentPostprocessing = 0;
		};
/* End PBXResourcesBuildPhase section */

/* Begin PBXSourcesBuildPhase section */
		18068955196613F000BDCD26 /* Sources */ = {
			isa = PBXSourcesBuildPhase;
			buildActionMask = 2147483647;
			files = (
				18068976196613F000BDCD26 /* LoginViewController.m in Sources */,
				1806896D196613F000BDCD26 /* AppDelegate.m in Sources */,
				18068969196613F000BDCD26 /* main.m in Sources */,
			);
			runOnlyForDeploymentPostprocessing = 0;
		};
		18068979196613F000BDCD26 /* Sources */ = {
			isa = PBXSourcesBuildPhase;
			buildActionMask = 2147483647;
			files = (
				1806898B196613F000BDCD26 /* RespokeTests.m in Sources */,
			);
			runOnlyForDeploymentPostprocessing = 0;
		};
/* End PBXSourcesBuildPhase section */

/* Begin PBXTargetDependency section */
		18068983196613F000BDCD26 /* PBXTargetDependency */ = {
			isa = PBXTargetDependency;
			target = 18068958196613F000BDCD26 /* Respoke */;
			targetProxy = 18068982196613F000BDCD26 /* PBXContainerItemProxy */;
		};
/* End PBXTargetDependency section */

/* Begin PBXVariantGroup section */
		18068965196613F000BDCD26 /* InfoPlist.strings */ = {
			isa = PBXVariantGroup;
			children = (
				18068966196613F000BDCD26 /* en */,
			);
			name = InfoPlist.strings;
			sourceTree = "<group>";
		};
		1806896E196613F000BDCD26 /* Main_iPhone.storyboard */ = {
			isa = PBXVariantGroup;
			children = (
				1806896F196613F000BDCD26 /* Base */,
			);
			name = Main_iPhone.storyboard;
			sourceTree = "<group>";
		};
		18068971196613F000BDCD26 /* Main_iPad.storyboard */ = {
			isa = PBXVariantGroup;
			children = (
				18068972196613F000BDCD26 /* Base */,
			);
			name = Main_iPad.storyboard;
			sourceTree = "<group>";
		};
		18068987196613F000BDCD26 /* InfoPlist.strings */ = {
			isa = PBXVariantGroup;
			children = (
				18068988196613F000BDCD26 /* en */,
			);
			name = InfoPlist.strings;
			sourceTree = "<group>";
		};
/* End PBXVariantGroup section */

/* Begin XCBuildConfiguration section */
		1806898C196613F000BDCD26 /* Debug */ = {
			isa = XCBuildConfiguration;
			buildSettings = {
				ALWAYS_SEARCH_USER_PATHS = NO;
				CLANG_CXX_LANGUAGE_STANDARD = "gnu++0x";
				CLANG_CXX_LIBRARY = "libc++";
				CLANG_ENABLE_MODULES = YES;
				CLANG_ENABLE_OBJC_ARC = YES;
				CLANG_WARN_BOOL_CONVERSION = YES;
				CLANG_WARN_CONSTANT_CONVERSION = YES;
				CLANG_WARN_DIRECT_OBJC_ISA_USAGE = YES_ERROR;
				CLANG_WARN_EMPTY_BODY = YES;
				CLANG_WARN_ENUM_CONVERSION = YES;
				CLANG_WARN_INT_CONVERSION = YES;
				CLANG_WARN_OBJC_ROOT_CLASS = YES_ERROR;
				CLANG_WARN__DUPLICATE_METHOD_MATCH = YES;
				"CODE_SIGN_IDENTITY[sdk=iphoneos*]" = "iPhone Developer";
				COPY_PHASE_STRIP = NO;
				GCC_C_LANGUAGE_STANDARD = gnu99;
				GCC_DYNAMIC_NO_PIC = NO;
				GCC_OPTIMIZATION_LEVEL = 0;
				GCC_PREPROCESSOR_DEFINITIONS = (
					"DEBUG=1",
					"$(inherited)",
				);
				GCC_SYMBOLS_PRIVATE_EXTERN = NO;
				GCC_WARN_64_TO_32_BIT_CONVERSION = YES;
				GCC_WARN_ABOUT_RETURN_TYPE = YES_ERROR;
				GCC_WARN_UNDECLARED_SELECTOR = YES;
				GCC_WARN_UNINITIALIZED_AUTOS = YES_AGGRESSIVE;
				GCC_WARN_UNUSED_FUNCTION = YES;
				GCC_WARN_UNUSED_VARIABLE = YES;
				IPHONEOS_DEPLOYMENT_TARGET = 7.1;
				ONLY_ACTIVE_ARCH = YES;
				SDKROOT = iphoneos;
				TARGETED_DEVICE_FAMILY = "1,2";
			};
			name = Debug;
		};
		1806898D196613F000BDCD26 /* Release */ = {
			isa = XCBuildConfiguration;
			buildSettings = {
				ALWAYS_SEARCH_USER_PATHS = NO;
				CLANG_CXX_LANGUAGE_STANDARD = "gnu++0x";
				CLANG_CXX_LIBRARY = "libc++";
				CLANG_ENABLE_MODULES = YES;
				CLANG_ENABLE_OBJC_ARC = YES;
				CLANG_WARN_BOOL_CONVERSION = YES;
				CLANG_WARN_CONSTANT_CONVERSION = YES;
				CLANG_WARN_DIRECT_OBJC_ISA_USAGE = YES_ERROR;
				CLANG_WARN_EMPTY_BODY = YES;
				CLANG_WARN_ENUM_CONVERSION = YES;
				CLANG_WARN_INT_CONVERSION = YES;
				CLANG_WARN_OBJC_ROOT_CLASS = YES_ERROR;
				CLANG_WARN__DUPLICATE_METHOD_MATCH = YES;
				"CODE_SIGN_IDENTITY[sdk=iphoneos*]" = "iPhone Developer";
				COPY_PHASE_STRIP = YES;
				ENABLE_NS_ASSERTIONS = NO;
				GCC_C_LANGUAGE_STANDARD = gnu99;
				GCC_WARN_64_TO_32_BIT_CONVERSION = YES;
				GCC_WARN_ABOUT_RETURN_TYPE = YES_ERROR;
				GCC_WARN_UNDECLARED_SELECTOR = YES;
				GCC_WARN_UNINITIALIZED_AUTOS = YES_AGGRESSIVE;
				GCC_WARN_UNUSED_FUNCTION = YES;
				GCC_WARN_UNUSED_VARIABLE = YES;
				IPHONEOS_DEPLOYMENT_TARGET = 7.1;
				SDKROOT = iphoneos;
				TARGETED_DEVICE_FAMILY = "1,2";
				VALIDATE_PRODUCT = YES;
			};
			name = Release;
		};
		1806898F196613F000BDCD26 /* Debug */ = {
			isa = XCBuildConfiguration;
			buildSettings = {
				ASSETCATALOG_COMPILER_APPICON_NAME = AppIcon;
				ASSETCATALOG_COMPILER_LAUNCHIMAGE_NAME = LaunchImage;
				GCC_PRECOMPILE_PREFIX_HEADER = YES;
				GCC_PREFIX_HEADER = "Respoke/Respoke-Prefix.pch";
				INFOPLIST_FILE = "Respoke/Respoke-Info.plist";
				PRODUCT_NAME = "$(TARGET_NAME)";
				WRAPPER_EXTENSION = app;
			};
			name = Debug;
		};
		18068990196613F000BDCD26 /* Release */ = {
			isa = XCBuildConfiguration;
			buildSettings = {
				ASSETCATALOG_COMPILER_APPICON_NAME = AppIcon;
				ASSETCATALOG_COMPILER_LAUNCHIMAGE_NAME = LaunchImage;
				GCC_PRECOMPILE_PREFIX_HEADER = YES;
				GCC_PREFIX_HEADER = "Respoke/Respoke-Prefix.pch";
				INFOPLIST_FILE = "Respoke/Respoke-Info.plist";
				PRODUCT_NAME = "$(TARGET_NAME)";
				WRAPPER_EXTENSION = app;
			};
			name = Release;
		};
		18068992196613F000BDCD26 /* Debug */ = {
			isa = XCBuildConfiguration;
			buildSettings = {
				BUNDLE_LOADER = "$(BUILT_PRODUCTS_DIR)/Respoke.app/Respoke";
				FRAMEWORK_SEARCH_PATHS = (
					"$(SDKROOT)/Developer/Library/Frameworks",
					"$(inherited)",
					"$(DEVELOPER_FRAMEWORKS_DIR)",
				);
				GCC_PRECOMPILE_PREFIX_HEADER = YES;
				GCC_PREFIX_HEADER = "Respoke/Respoke-Prefix.pch";
				GCC_PREPROCESSOR_DEFINITIONS = (
					"DEBUG=1",
					"$(inherited)",
				);
				INFOPLIST_FILE = "RespokeTests/RespokeTests-Info.plist";
				PRODUCT_NAME = "$(TARGET_NAME)";
				TEST_HOST = "$(BUNDLE_LOADER)";
				WRAPPER_EXTENSION = xctest;
			};
			name = Debug;
		};
		18068993196613F000BDCD26 /* Release */ = {
			isa = XCBuildConfiguration;
			buildSettings = {
				BUNDLE_LOADER = "$(BUILT_PRODUCTS_DIR)/Respoke.app/Respoke";
				FRAMEWORK_SEARCH_PATHS = (
					"$(SDKROOT)/Developer/Library/Frameworks",
					"$(inherited)",
					"$(DEVELOPER_FRAMEWORKS_DIR)",
				);
				GCC_PRECOMPILE_PREFIX_HEADER = YES;
				GCC_PREFIX_HEADER = "Respoke/Respoke-Prefix.pch";
				INFOPLIST_FILE = "RespokeTests/RespokeTests-Info.plist";
				PRODUCT_NAME = "$(TARGET_NAME)";
				TEST_HOST = "$(BUNDLE_LOADER)";
				WRAPPER_EXTENSION = xctest;
			};
			name = Release;
		};
/* End XCBuildConfiguration section */

/* Begin XCConfigurationList section */
		18068954196613F000BDCD26 /* Build configuration list for PBXProject "Respoke" */ = {
			isa = XCConfigurationList;
			buildConfigurations = (
				1806898C196613F000BDCD26 /* Debug */,
				1806898D196613F000BDCD26 /* Release */,
			);
			defaultConfigurationIsVisible = 0;
			defaultConfigurationName = Release;
		};
		1806898E196613F000BDCD26 /* Build configuration list for PBXNativeTarget "Respoke" */ = {
			isa = XCConfigurationList;
			buildConfigurations = (
				1806898F196613F000BDCD26 /* Debug */,
				18068990196613F000BDCD26 /* Release */,
			);
			defaultConfigurationIsVisible = 0;
			defaultConfigurationName = Release;
		};
		18068991196613F000BDCD26 /* Build configuration list for PBXNativeTarget "RespokeTests" */ = {
			isa = XCConfigurationList;
			buildConfigurations = (
				18068992196613F000BDCD26 /* Debug */,
				18068993196613F000BDCD26 /* Release */,
			);
			defaultConfigurationIsVisible = 0;
			defaultConfigurationName = Release;
		};
/* End XCConfigurationList section */
	};
	rootObject = 18068951196613F000BDCD26 /* Project object */;
}
